// !$*UTF8*$!
{
	archiveVersion = 1;
	classes = {
	};
	objectVersion = 56;
	objects = {

/* Begin PBXBuildFile section */
		8E4848E75EFA1A90824D11E1 /* StatLeaders.swift in Sources */ = {isa = PBXBuildFile; fileRef = B5F918AF6690B0866D53F8B5 /* StatLeaders.swift */; };
		1E3BCB241DA1C6CB2812914D /* LeadersViews.swift in Sources */ = {isa = PBXBuildFile; fileRef = 256C330BF6A6267F6A81903F /* LeadersViews.swift */; };
		80E99CF063A654760C1AD6E5 /* StatLeadersTests.swift in Sources */ = {isa = PBXBuildFile; fileRef = AF573B33F27B7BA066BDA6C5 /* StatLeadersTests.swift */; };
		B309E49C4AE094E66AA42622 /* PlayerSeasonStatsTests.swift in Sources */ = {isa = PBXBuildFile; fileRef = 0066C623D26D8B069BA140CA /* PlayerSeasonStatsTests.swift */; };
		298B3ECF8760BBDE227651DF /* CrossLeagueAcceptanceTests.swift in Sources */ = {isa = PBXBuildFile; fileRef = FE9E07087CB94CA29221903A /* CrossLeagueAcceptanceTests.swift */; };
		28F633D9E078351031277B79 /* Linescore.swift in Sources */ = {isa = PBXBuildFile; fileRef = 3FFBB22AFEE3DC375613908F /* Linescore.swift */; };
		D3A38E5F59A963197CBC0758 /* HockeyBoxScore.swift in Sources */ = {isa = PBXBuildFile; fileRef = E204FC2B5D67A9E685EAE470 /* HockeyBoxScore.swift */; };
		02E1A6D37091D86049F3F9BC /* GameTimeline.swift in Sources */ = {isa = PBXBuildFile; fileRef = F6C95FC59B0FE4D1F877D183 /* GameTimeline.swift */; };
		CA1E7A0B00000000000000B2 /* CalendarEventBuilder.swift in Sources */ = {isa = PBXBuildFile; fileRef = CA1E7A0B00000000000000B1 /* CalendarEventBuilder.swift */; };
		CA1E7A0B00000000000000C2 /* CalendarWriter.swift in Sources */ = {isa = PBXBuildFile; fileRef = CA1E7A0B00000000000000C1 /* CalendarWriter.swift */; };
		C6578E236813A98439400C34 /* SoccerLineups.swift in Sources */ = {isa = PBXBuildFile; fileRef = 530A3635B00B73AE346D38AB /* SoccerLineups.swift */; };
		6799744107ABFA081D1BD126 /* BoxScoreTables.swift in Sources */ = {isa = PBXBuildFile; fileRef = 9696A41597D1B188BFAA270D /* BoxScoreTables.swift */; };
		D1EA2D61099BBE43E8394516 /* GameStoryView.swift in Sources */ = {isa = PBXBuildFile; fileRef = F4E5A2319A52A72647DE025A /* GameStoryView.swift */; };
		8E296C5B1E9D0A2C84BFE95D /* SportBoxScoreTests.swift in Sources */ = {isa = PBXBuildFile; fileRef = 3FA214C1BEC40FFD70424DFB /* SportBoxScoreTests.swift */; };
		A6E0924F094504FB7436CD5B /* GameStoryTests.swift in Sources */ = {isa = PBXBuildFile; fileRef = 8C47DA329B31019ABCA9DED3 /* GameStoryTests.swift */; };
		26FB5C8A13EFE3803FDF9E96 /* RecordTests.swift in Sources */ = {isa = PBXBuildFile; fileRef = 50CF848EFDCDCB9AF31230CA /* RecordTests.swift */; };
		0EC2AAE3B1D9B65339F03196 /* StandingsTests.swift in Sources */ = {isa = PBXBuildFile; fileRef = F5ADB50A6E20B6AAE211BD37 /* StandingsTests.swift */; };
		749E671F2916273F3E45E498 /* Standings.swift in Sources */ = {isa = PBXBuildFile; fileRef = 346F15839B839382E7E93D52 /* Standings.swift */; };
		65D076717FCEAD9E6C2663EB /* Record.swift in Sources */ = {isa = PBXBuildFile; fileRef = 0D2A095EAB5992522D7B70CC /* Record.swift */; };
		2BF4005DE2F3F7D27EDCF84D /* TeamPagesTests.swift in Sources */ = {isa = PBXBuildFile; fileRef = DFFB126D041F9FDA0AF91C5B /* TeamPagesTests.swift */; };
		A7C3E1F05B2D4C6E8F9A0B1C /* LeagueRegistryTests.swift in Sources */ = {isa = PBXBuildFile; fileRef = B8D4F2A16C3E5D7F9A0B1C2D /* LeagueRegistryTests.swift */; };
		4F108876A45CFE6959601590 /* LeagueScoreboardTests.swift in Sources */ = {isa = PBXBuildFile; fileRef = 371481114143CD723EB69303 /* LeagueScoreboardTests.swift */; };
		A6230D4AA20CC9D1ACFE7EFF /* LeagueScoreboardCenter.swift in Sources */ = {isa = PBXBuildFile; fileRef = A958F3CCAA603C2C5E068CA3 /* LeagueScoreboardCenter.swift */; };
		476464CAAE86817C53BEFF90 /* DownloadScoreboardData.swift in Sources */ = {isa = PBXBuildFile; fileRef = AD3C5F108853415329D714E8 /* DownloadScoreboardData.swift */; };
		4615931377DF02093FE8F4F2 /* RecordingTransport.swift in Sources */ = {isa = PBXBuildFile; fileRef = E5B8D6915F39CF9CF2226087 /* RecordingTransport.swift */; };
		27A5131FAB8C20BA658A117E /* ConvertColor.swift in Sources */ = {isa = PBXBuildFile; fileRef = 8F7DFED7B341798C35C5671F /* ConvertColor.swift */; };
		43A86B7171FBFFA8D4364942 /* LoadingView.swift in Sources */ = {isa = PBXBuildFile; fileRef = 3336602F15AB9F42EE41A789 /* LoadingView.swift */; };
		FA363D114509970AB9439478 /* RepeatingTask.swift in Sources */ = {isa = PBXBuildFile; fileRef = 24BB1F80C1C9188B8F947AEB /* RepeatingTask.swift */; };
		7A1D0C3E5B9F2A4C6E8D1B31 /* Theme.swift in Sources */ = {isa = PBXBuildFile; fileRef = 7A1D0C3E5B9F2A4C6E8D1B30 /* Theme.swift */; };
		BA7ACCE5E3D1F2A4C6E8D102 /* BrandTheme.swift in Sources */ = {isa = PBXBuildFile; fileRef = BA7ACCE5E3D1F2A4C6E8D101 /* BrandTheme.swift */; };
		7A1D0C3E5B9F2A4C6E8D1B41 /* Theme.swift in Sources */ = {isa = PBXBuildFile; fileRef = 7A1D0C3E5B9F2A4C6E8D1B30 /* Theme.swift */; };
		7A1D0C3E5B9F2A4C6E8D1B42 /* TeamLogo.swift in Sources */ = {isa = PBXBuildFile; fileRef = A79881DBBADFB9BC8FCD8431 /* TeamLogo.swift */; };
		7A1D0C3E5B9F2A4C6E8D1B43 /* RemoteImage.swift in Sources */ = {isa = PBXBuildFile; fileRef = CA2FB2E1805F644DD405F129 /* RemoteImage.swift */; };
		2D20D4F0D14F95669B9634EF /* WikidataHeadshotStore.swift in Sources */ = {isa = PBXBuildFile; fileRef = F57DF80A0735C0D8F2D7EDAD /* WikidataHeadshotStore.swift */; };
		455C8A8EFBB7AA647AF74B09 /* ApiFootballKey.swift in Sources */ = {isa = PBXBuildFile; fileRef = D3638309E717E79C3075A33D /* ApiFootballKey.swift */; };
		336C5C116BDABF7A3C163B92 /* ApiFootballHeadshotStore.swift in Sources */ = {isa = PBXBuildFile; fileRef = 4E9E650E9C660E11C9C04D81 /* ApiFootballHeadshotStore.swift */; };
		4FAEA2801DAAA50D3D63D3CF /* ApiFootballSettingsSection.swift in Sources */ = {isa = PBXBuildFile; fileRef = B7B6A399AAE14CFEB1693E93 /* ApiFootballSettingsSection.swift */; };
		1222CA7240E62E8BCB2BEA62 /* ApiFootballKeyTests.swift in Sources */ = {isa = PBXBuildFile; fileRef = CB9C64E7F23AFE201C7DC0FA /* ApiFootballKeyTests.swift */; };
		A4C32ECB7C1B924DD130BA7A /* ApiFootballHeadshotStoreTests.swift in Sources */ = {isa = PBXBuildFile; fileRef = CEF2427905F40F19C5342004 /* ApiFootballHeadshotStoreTests.swift */; };
		06B4C8B38F1243ACEDE326D7 /* AthleteHeadshot.swift in Sources */ = {isa = PBXBuildFile; fileRef = DECE0285E2B0460D5C8119F3 /* AthleteHeadshot.swift */; };
		A4D1E8B7C3F25609E7B1D4C8 /* PlayerGameLogView.swift in Sources */ = {isa = PBXBuildFile; fileRef = 7F3A9C21B4E8D05A6C1F2E93 /* PlayerGameLogView.swift */; };
		2C89EA3412BC162DB815225F /* WikidataHeadshotStoreTests.swift in Sources */ = {isa = PBXBuildFile; fileRef = 0EEDD564F37117499F40D17A /* WikidataHeadshotStoreTests.swift */; };
		F40E52311E166FC0C805078D /* HomeSections.swift in Sources */ = {isa = PBXBuildFile; fileRef = 295F3B13CE1F1A66438291C3 /* HomeSections.swift */; };
		3C71A9E2B04D5F18A6E29C40 /* TeamHomeView.swift in Sources */ = {isa = PBXBuildFile; fileRef = 8F2D6B13C95A7E4F01B3D826 /* TeamHomeView.swift */; };
		0FE667583883927DBEE1F6C1 /* TeamModel.swift in Sources */ = {isa = PBXBuildFile; fileRef = BF854E8FC1231BAD448D63BA /* TeamModel.swift */; };
		2F614A3B78950C035DC9E0B7 /* TabBar.swift in Sources */ = {isa = PBXBuildFile; fileRef = DB0281FE48582B84C0A01766 /* TabBar.swift */; };
		443BDD6E8DE6AD6663C2B878 /* HTTPClient.swift in Sources */ = {isa = PBXBuildFile; fileRef = FF333D024A94AD1329FBDD78 /* HTTPClient.swift */; };
		3F7C2A91D4E8B6051C9A7E21 /* FeedCache.swift in Sources */ = {isa = PBXBuildFile; fileRef = 3F7C2A91D4E8B6051C9A7E20 /* FeedCache.swift */; };
		E20E73EDC856843862B6F1BA /* JSON.swift in Sources */ = {isa = PBXBuildFile; fileRef = FCF2740419E81BD1C7945B6A /* JSON.swift */; };
		78C5D3C2CC114C8CA479A89C /* RemoteImage.swift in Sources */ = {isa = PBXBuildFile; fileRef = CA2FB2E1805F644DD405F129 /* RemoteImage.swift */; };
		76207EC0BBD446E30AD3ABCE /* Sport.swift in Sources */ = {isa = PBXBuildFile; fileRef = A1CBF316BA698A3A7672774F /* Sport.swift */; };
		7B4DB145D40FB923834AE02E /* TeamRef.swift in Sources */ = {isa = PBXBuildFile; fileRef = 95678F04274EC3A4BFC7B89B /* TeamRef.swift */; };
		FC03614F349A24609A803EE0 /* DownloadNewsData.swift in Sources */ = {isa = PBXBuildFile; fileRef = 6ED568E453469367FE117D58 /* DownloadNewsData.swift */; };
		4A8E1E1BFE20496EE2B73179 /* NewsDetailView.swift in Sources */ = {isa = PBXBuildFile; fileRef = BE0A8D246611BB27CCB24297 /* NewsDetailView.swift */; };
		A90873D889AD7C520275E2E7 /* NewsView.swift in Sources */ = {isa = PBXBuildFile; fileRef = 78E046E9BE3DE42EB5029A98 /* NewsView.swift */; };
		B5C6B213DE2B2F6C629CC6FA /* MyTeamsApp.swift in Sources */ = {isa = PBXBuildFile; fileRef = 3A4E6F7749EA7D0396162F3F /* MyTeamsApp.swift */; };
		5A1E7C93B2D84F06A9E3C1D7 /* SplashView.swift in Sources */ = {isa = PBXBuildFile; fileRef = 5A1E7C93B2D84F06A9E3C1D8 /* SplashView.swift */; };
		1E79AFFA5A7731584B3F0F5D /* DownloadAthleteData.swift in Sources */ = {isa = PBXBuildFile; fileRef = C9E57CADCEC98ADC7F08259B /* DownloadAthleteData.swift */; };
		1908D339C90720E026CC133F /* DownloadRosterData.swift in Sources */ = {isa = PBXBuildFile; fileRef = 5155054E50DB8742CCF3A02D /* DownloadRosterData.swift */; };
		938441ED20DAAFEFEF866860 /* PlayerDetailView.swift in Sources */ = {isa = PBXBuildFile; fileRef = 88D1C9C84AB3AE52DB615DEC /* PlayerDetailView.swift */; };
		A6CF80F5A6D7C40726E89941 /* PlayerView.swift in Sources */ = {isa = PBXBuildFile; fileRef = 9B3AA19AD17C939F21D94002 /* PlayerView.swift */; };
		621D4FC2F790F846681CFFEB /* StatPercentageView.swift in Sources */ = {isa = PBXBuildFile; fileRef = 305483CF1D4C14956E0C87C9 /* StatPercentageView.swift */; };
		52E991A1BB7FE3BFCCBF5C6C /* DownloadGameData.swift in Sources */ = {isa = PBXBuildFile; fileRef = EAF61F5573297A98A78E7FDC /* DownloadGameData.swift */; };
		0D9048CBFBBCEE0557F5CA00 /* DownloadScheduleData.swift in Sources */ = {isa = PBXBuildFile; fileRef = 72E172747265D9C939F96796 /* DownloadScheduleData.swift */; };
		2283890E266C55D6EEB000BE /* GameDetailView.swift in Sources */ = {isa = PBXBuildFile; fileRef = 300C8F4EF2CBE67A89FA2CE0 /* GameDetailView.swift */; };
		712E5226E4DF0A7BE1609DE4 /* GameView.swift in Sources */ = {isa = PBXBuildFile; fileRef = 4D41D8E8BA194844AF614EFD /* GameView.swift */; };
		1CD5FF6E028E55CEBF833F15 /* GetNextGame.swift in Sources */ = {isa = PBXBuildFile; fileRef = 53964FD8D1BC8B08F81728C8 /* GetNextGame.swift */; };
		DD8B5E279E378CED42EDFE79 /* StatRowView.swift in Sources */ = {isa = PBXBuildFile; fileRef = F92E9AB20E4DA4EC99189F4A /* StatRowView.swift */; };
		8D8E93636BC6B36B3996894D /* Assets.xcassets in Resources */ = {isa = PBXBuildFile; fileRef = 63E84FD53AFF22D9D6671091 /* Assets.xcassets */; };
		0A667909A8CE510E3039704F /* Preview Assets.xcassets in Resources */ = {isa = PBXBuildFile; fileRef = F742C536A79EF1E75AC68E72 /* Preview Assets.xcassets */; };
		B164D08F27E8F38FB52D4B71 /* teams.json in Resources */ = {isa = PBXBuildFile; fileRef = C70E8AAB2B78655365888D80 /* teams.json */; };
		477887CC8A151717D679F0BE /* WidgetScheduleLoader.swift in Sources */ = {isa = PBXBuildFile; fileRef = 2D7E42B65C657DF94CC0AE71 /* WidgetScheduleLoader.swift */; };
		BC4F15C17EBC1A2178883B7D /* myTeamWidget.swift in Sources */ = {isa = PBXBuildFile; fileRef = CC25799C101CA0E983D6E0BA /* myTeamWidget.swift */; };
		021E035614A3AA570735F9A7 /* HTTPClient.swift in Sources */ = {isa = PBXBuildFile; fileRef = FF333D024A94AD1329FBDD78 /* HTTPClient.swift */; };
		3F7C2A91D4E8B6051C9A7E22 /* FeedCache.swift in Sources */ = {isa = PBXBuildFile; fileRef = 3F7C2A91D4E8B6051C9A7E20 /* FeedCache.swift */; };
		718FAF95DE8AE3A64D948680 /* JSON.swift in Sources */ = {isa = PBXBuildFile; fileRef = FCF2740419E81BD1C7945B6A /* JSON.swift */; };
		4D7FF57D679FF80CBAC28F6D /* Sport.swift in Sources */ = {isa = PBXBuildFile; fileRef = A1CBF316BA698A3A7672774F /* Sport.swift */; };
		43F1053E017CE0ACD2513F5F /* TeamRef.swift in Sources */ = {isa = PBXBuildFile; fileRef = 95678F04274EC3A4BFC7B89B /* TeamRef.swift */; };
		2129690FEF4C818C0D034221 /* ConvertColor.swift in Sources */ = {isa = PBXBuildFile; fileRef = 8F7DFED7B341798C35C5671F /* ConvertColor.swift */; };
		6560ECADCC6B530EAB4FC234 /* DownloadScheduleData.swift in Sources */ = {isa = PBXBuildFile; fileRef = 72E172747265D9C939F96796 /* DownloadScheduleData.swift */; };
		BDC0E6591D047E7947B879FB /* Assets.xcassets in Resources */ = {isa = PBXBuildFile; fileRef = 51CD6BF2A976D0F89BED3A66 /* Assets.xcassets */; };
		5F2CD2D1EF105F6347FFD6D0 /* teams.json in Resources */ = {isa = PBXBuildFile; fileRef = C70E8AAB2B78655365888D80 /* teams.json */; };
		3BBFED87D728D7319D475FEB /* JSONTests.swift in Sources */ = {isa = PBXBuildFile; fileRef = C215F1D687B2267DDC42D736 /* JSONTests.swift */; };
		E7E921A83B474F55A0120398 /* BoxScoreParsingTests.swift in Sources */ = {isa = PBXBuildFile; fileRef = B9F1546F852F45279E04277F /* BoxScoreParsingTests.swift */; };
		4D2A7C19E0B34F8A9C61D5E2 /* AthleteStatsParsingTests.swift in Sources */ = {isa = PBXBuildFile; fileRef = 6F3B8E21A4C54D7B8E02F9A3 /* AthleteStatsParsingTests.swift */; };
		7E3C9A51D2B84F06A1C5E8D4 /* HTTPClientTests.swift in Sources */ = {isa = PBXBuildFile; fileRef = A93F2D6C18E54B7F9D0C3E12 /* HTTPClientTests.swift */; };
		F38CF3BA1E30891DD3715EEB /* GoldenParserTests.swift in Sources */ = {isa = PBXBuildFile; fileRef = C7B081DF6D2F99291D6A497E /* GoldenParserTests.swift */; };
		2A8A7749105511EB64C1E23F /* FixtureLoader.swift in Sources */ = {isa = PBXBuildFile; fileRef = 80F9C2C0E4436B9A7E6740B8 /* FixtureLoader.swift */; };
		07BFE42C24ACB22870DAD8F2 /* TeamCatalogTests.swift in Sources */ = {isa = PBXBuildFile; fileRef = 85ADA55D78EE908E3737EFAC /* TeamCatalogTests.swift */; };
		9E669271FC3B738FEB53346A /* Fixtures in Resources */ = {isa = PBXBuildFile; fileRef = 0016D8946325BE560D66E257 /* Fixtures */; };
		CCD996A8700D1012D5207A84 /* ScheduleParsingTests.swift in Sources */ = {isa = PBXBuildFile; fileRef = CD86BF7A0097CF9FDA696FF4 /* ScheduleParsingTests.swift */; };
		CDA8493C950E9AE560961E76 /* myTeamsUITests.swift in Sources */ = {isa = PBXBuildFile; fileRef = E2173D3CEFFD95945C667099 /* myTeamsUITests.swift */; };
		7A1D0C3E5B9F2A4C6E8D1B35 /* GlassUIScreenshotTests.swift in Sources */ = {isa = PBXBuildFile; fileRef = 7A1D0C3E5B9F2A4C6E8D1B34 /* GlassUIScreenshotTests.swift */; };
		5457AB9FB521F7F7EF0268A3 /* myTeamWidgetExtension.appex in Embed Foundation Extensions */ = {isa = PBXBuildFile; fileRef = 4C47665D1BA4105DF9684DC4 /* myTeamWidgetExtension.appex */; settings = {ATTRIBUTES = (RemoveHeadersOnCopy, ); }; };
		228A9DA3DCBC7960F1F35DF0 /* LogoStore.swift in Sources */ = {isa = PBXBuildFile; fileRef = 5883C4F774D9544E81195578 /* LogoStore.swift */; };
		5E1A7C33D9B04F2A8C6E1F02 /* SharedStore.swift in Sources */ = {isa = PBXBuildFile; fileRef = 5E1A7C33D9B04F2A8C6E1F01 /* SharedStore.swift */; };
		BB4B82EF0DBC7B7610CB57D8 /* LogoStore.swift in Sources */ = {isa = PBXBuildFile; fileRef = 5883C4F774D9544E81195578 /* LogoStore.swift */; };
		5E1A7C33D9B04F2A8C6E1F03 /* SharedStore.swift in Sources */ = {isa = PBXBuildFile; fileRef = 5E1A7C33D9B04F2A8C6E1F01 /* SharedStore.swift */; };
		056AACA5441E8DC1508CA63A /* RemoteTeamCatalog.swift in Sources */ = {isa = PBXBuildFile; fileRef = A6C3E169CF585D33F00B7811 /* RemoteTeamCatalog.swift */; };
		CA55107148FE3854E9BE41FF /* RemoteTeamCatalog.swift in Sources */ = {isa = PBXBuildFile; fileRef = A6C3E169CF585D33F00B7811 /* RemoteTeamCatalog.swift */; };
		357A65122050D95EFC46FEA4 /* TeamLogo.swift in Sources */ = {isa = PBXBuildFile; fileRef = A79881DBBADFB9BC8FCD8431 /* TeamLogo.swift */; };
		F176834130AB41D1E8184FC8 /* RemoteTeamCatalogTests.swift in Sources */ = {isa = PBXBuildFile; fileRef = 82D2B7B76E0770278F858496 /* RemoteTeamCatalogTests.swift */; };
		015DE6289B5E217ECDD3579C /* LogoStoreTests.swift in Sources */ = {isa = PBXBuildFile; fileRef = B6F5832EB99B1723EF239CCC /* LogoStoreTests.swift */; };
		0B133D64B5F170D8E647BECD /* TeamLogoTests.swift in Sources */ = {isa = PBXBuildFile; fileRef = 4ECCD455A0790D88722B60C1 /* TeamLogoTests.swift */; };
		7A1D0C3E5B9F2A4C6E8D1B33 /* ThemeTests.swift in Sources */ = {isa = PBXBuildFile; fileRef = 7A1D0C3E5B9F2A4C6E8D1B32 /* ThemeTests.swift */; };
		5C1A2E7D9B3F4A6C8E0D2B41 /* GameCardContentTests.swift in Sources */ = {isa = PBXBuildFile; fileRef = 5C1A2E7D9B3F4A6C8E0D2B40 /* GameCardContentTests.swift */; };
		CA1E7A0B00000000000000D2 /* CalendarEventBuilderTests.swift in Sources */ = {isa = PBXBuildFile; fileRef = CA1E7A0B00000000000000D1 /* CalendarEventBuilderTests.swift */; };
		A66D0A558CEC12590E02F9A2 /* TabBarTests.swift in Sources */ = {isa = PBXBuildFile; fileRef = BD52FEA243D6F89CB697B876 /* TabBarTests.swift */; };
		5C1E7A93D04B62F8A1E93D27 /* WidgetDeepLinkTests.swift in Sources */ = {isa = PBXBuildFile; fileRef = 9A4F2B61C87E03D5B2F16A48 /* WidgetDeepLinkTests.swift */; };
		3862319C87D5F70D7BF3E0D2 /* ScoreAlertEngineTests.swift in Sources */ = {isa = PBXBuildFile; fileRef = EA265B07826AA61D8CCF59B3 /* ScoreAlertEngineTests.swift */; };
		2758B17622312232294B591F /* FavoritesStoreNotificationTests.swift in Sources */ = {isa = PBXBuildFile; fileRef = F145067F502A5D79A92FE9F1 /* FavoritesStoreNotificationTests.swift */; };
		254972CEE271C187E523211D /* LeagueScoreboardCenterFanoutTests.swift in Sources */ = {isa = PBXBuildFile; fileRef = 553644DA631607EFF73950A3 /* LeagueScoreboardCenterFanoutTests.swift */; };
		322E8BF56A3E01EA030B6F96 /* FavoritesScoreboardFollowingTests.swift in Sources */ = {isa = PBXBuildFile; fileRef = B96A94997ED9B4D7848B18A5 /* FavoritesScoreboardFollowingTests.swift */; };
		397BF01A56956F7850D67D6F /* AlertsSettingsTests.swift in Sources */ = {isa = PBXBuildFile; fileRef = 06D8AC51A70604C3C19C7EDE /* AlertsSettingsTests.swift */; };
		F2E7868DFDCDCB49AEEE8A4D /* SettingsTests.swift in Sources */ = {isa = PBXBuildFile; fileRef = 3B30D538B4BCB2BEB36F253C /* SettingsTests.swift */; };
		7D3F2A1B9C4E5F60718293A4 /* SplashTests.swift in Sources */ = {isa = PBXBuildFile; fileRef = 7D3F2A1B9C4E5F60718293A5 /* SplashTests.swift */; };
		9C03DD85FE7B79019A43612D /* WidgetDeepLinkRoutingTests.swift in Sources */ = {isa = PBXBuildFile; fileRef = F8908C7681C6E71A212FCEB6 /* WidgetDeepLinkRoutingTests.swift */; };
		2ECF954DCABCBA4B75365F80 /* FavoritesStore.swift in Sources */ = {isa = PBXBuildFile; fileRef = DDBB71827C45A79D38B20049 /* FavoritesStore.swift */; };
		129154B029DD4680C0EA43D3 /* TeamBrowserView.swift in Sources */ = {isa = PBXBuildFile; fileRef = D1204CF56986AC1138C1805E /* TeamBrowserView.swift */; };
		806F811BCA02858268F722FC /* TeamEntity.swift in Sources */ = {isa = PBXBuildFile; fileRef = 293381D72B47893F6410908F /* TeamEntity.swift */; };
		F23520D6A5D15820F4E0CF96 /* FavoritesStoreTests.swift in Sources */ = {isa = PBXBuildFile; fileRef = 71148A6D7F570E7638E31B26 /* FavoritesStoreTests.swift */; };
		9B7D3A67B141ED86CD214BA2 /* TeamSearchTests.swift in Sources */ = {isa = PBXBuildFile; fileRef = B8673FD4EC890689DDAB3882 /* TeamSearchTests.swift */; };
		A3264B92A99736DC68EBCC66 /* ScoreAlertsPermissions.swift in Sources */ = {isa = PBXBuildFile; fileRef = 0F569FD476AA3CA168D4089A /* ScoreAlertsPermissions.swift */; };
		C60415BD6AD63FDCC0065D93 /* AlertsSettings.swift in Sources */ = {isa = PBXBuildFile; fileRef = 60FC9E09F90C7500085E831A /* AlertsSettings.swift */; };
		A39E46D9903C7E297D90A0F1 /* AlertsSettingsView.swift in Sources */ = {isa = PBXBuildFile; fileRef = A2323471F90D8D4681F7AB62 /* AlertsSettingsView.swift */; };
		BA7ACCE5E3D1F2A4C6E8D10A /* ThemeSettingsView.swift in Sources */ = {isa = PBXBuildFile; fileRef = BA7ACCE5E3D1F2A4C6E8D109 /* ThemeSettingsView.swift */; };
		BA7ACCE5E3D1F2A4C6E8D10C /* ThemeOnboardingView.swift in Sources */ = {isa = PBXBuildFile; fileRef = BA7ACCE5E3D1F2A4C6E8D10B /* ThemeOnboardingView.swift */; };
		BA7ACCE5E3D1F2A4C6E8D10E /* BrandThemeTests.swift in Sources */ = {isa = PBXBuildFile; fileRef = BA7ACCE5E3D1F2A4C6E8D10D /* BrandThemeTests.swift */; };
		EF052AEDBC214A5175C8BD14 /* SettingsView.swift in Sources */ = {isa = PBXBuildFile; fileRef = 9E9BCA9DA2DE99665D6030A2 /* SettingsView.swift */; };
		7F8E92B0D1E332A00046DC73 /* ScoreDiff.swift in Sources */ = {isa = PBXBuildFile; fileRef = 77BBB55DFA6210CB7B45F03F /* ScoreDiff.swift */; };
		E0EC1F16A329C33DE895872A /* WidgetScoreboardSnapshot.swift in Sources */ = {isa = PBXBuildFile; fileRef = 78CA6FD1F7AD1F9B77140658 /* WidgetScoreboardSnapshot.swift */; };
		D5AA8797C95A8144528026A4 /* WidgetScoreboardSnapshot.swift in Sources */ = {isa = PBXBuildFile; fileRef = 78CA6FD1F7AD1F9B77140658 /* WidgetScoreboardSnapshot.swift */; };
		9D6A80C642AA11447F04AB4D /* WidgetScoreboardWriter.swift in Sources */ = {isa = PBXBuildFile; fileRef = 76F3B36321E5994D5241C3D6 /* WidgetScoreboardWriter.swift */; };
		2C7DFA31B60B1565FB9D03D2 /* ScoreAlertEngine.swift in Sources */ = {isa = PBXBuildFile; fileRef = 73CCE8CE52BE17095769EA86 /* ScoreAlertEngine.swift */; };
		4018B7D252391342C25956F8 /* AppDelegate.swift in Sources */ = {isa = PBXBuildFile; fileRef = 940348FF9580BF614B9B5506 /* AppDelegate.swift */; };
		5C80F187EEED1E73DD283D0C /* ScoreDiffTests.swift in Sources */ = {isa = PBXBuildFile; fileRef = DD02C6C6B9A59B8F11DE2BB3 /* ScoreDiffTests.swift */; };
		1780F10A8B0F5EEFC490536F /* GameActivityAttributes.swift in Sources */ = {isa = PBXBuildFile; fileRef = 8585BFFB4C809ADEA284CD9C /* GameActivityAttributes.swift */; };
		0A4AA99692227A8E12A7FB45 /* GameActivityAttributes.swift in Sources */ = {isa = PBXBuildFile; fileRef = 8585BFFB4C809ADEA284CD9C /* GameActivityAttributes.swift */; };
		5D2A7C914E3B6F08A1C2D3E5 /* Ordinal.swift in Sources */ = {isa = PBXBuildFile; fileRef = 5D2A7C914E3B6F08A1C2D3E4 /* Ordinal.swift */; };
		5D2A7C914E3B6F08A1C2D3E6 /* Ordinal.swift in Sources */ = {isa = PBXBuildFile; fileRef = 5D2A7C914E3B6F08A1C2D3E4 /* Ordinal.swift */; };
		5BCCFEC612D3E9A0BDBD5315 /* LiveActivityStateMapper.swift in Sources */ = {isa = PBXBuildFile; fileRef = 9CB561517D21DC51898A319C /* LiveActivityStateMapper.swift */; };
		CBA4C0FC0601B87C8D95D08A /* LiveActivityManager.swift in Sources */ = {isa = PBXBuildFile; fileRef = EEE774E984A3007954BFA9CA /* LiveActivityManager.swift */; };
		1E8316B9F16A72268EABA039 /* GameLiveActivity.swift in Sources */ = {isa = PBXBuildFile; fileRef = F1CD8C6BEDB944DE40AC4899 /* GameLiveActivity.swift */; };
		B752BCC33E66B82F3AF1BF38 /* LiveActivityMapperTests.swift in Sources */ = {isa = PBXBuildFile; fileRef = F6F496BCF446A9B66DCCE468 /* LiveActivityMapperTests.swift */; };
		8473A281ED2BC0EEADCA463D /* PrivacyInfo.xcprivacy in Resources */ = {isa = PBXBuildFile; fileRef = 48894AFDF913DDA8138E5B0C /* PrivacyInfo.xcprivacy */; };
		D2B55DBA017E0C6714ADB3BF /* PrivacyInfo.xcprivacy in Resources */ = {isa = PBXBuildFile; fileRef = B58AC2186F276DF2B919173C /* PrivacyInfo.xcprivacy */; };
		C33A1DF7AC4D3629429B1094 /* HomeView.swift in Sources */ = {isa = PBXBuildFile; fileRef = 381D9063F8712266EC82966C /* HomeView.swift */; };
		2E825ADE480647DDFA960E08 /* HomeViewModel.swift in Sources */ = {isa = PBXBuildFile; fileRef = D061498A1D04423DADE5F8E4 /* HomeViewModel.swift */; };
		8E448D8B9624B4E9D70E14E1 /* HomeFeedTests.swift in Sources */ = {isa = PBXBuildFile; fileRef = EDE1F007B80803106A72D80C /* HomeFeedTests.swift */; };
		38C1E734968CF889E3E20FBC /* HomeUITests.swift in Sources */ = {isa = PBXBuildFile; fileRef = A8F3D58A2369AEB7973BCAE1 /* HomeUITests.swift */; };
		9E5A1C0B7D2F4A6E8B3C9011 /* HomeFeedWindow.swift in Sources */ = {isa = PBXBuildFile; fileRef = 9E5A1C0B7D2F4A6E8B3C9001 /* HomeFeedWindow.swift */; };
		9E5A1C0B7D2F4A6E8B3C9012 /* HomeFeedWindow.swift in Sources */ = {isa = PBXBuildFile; fileRef = 9E5A1C0B7D2F4A6E8B3C9001 /* HomeFeedWindow.swift */; };
		9E5A1C0B7D2F4A6E8B3C9021 /* WidgetDayBuilder.swift in Sources */ = {isa = PBXBuildFile; fileRef = 9E5A1C0B7D2F4A6E8B3C9002 /* WidgetDayBuilder.swift */; };
		9E5A1C0B7D2F4A6E8B3C9022 /* WidgetDayBuilder.swift in Sources */ = {isa = PBXBuildFile; fileRef = 9E5A1C0B7D2F4A6E8B3C9002 /* WidgetDayBuilder.swift */; };
		9E5A1C0B7D2F4A6E8B3C9031 /* MyDayWidget.swift in Sources */ = {isa = PBXBuildFile; fileRef = 9E5A1C0B7D2F4A6E8B3C9003 /* MyDayWidget.swift */; };
		9E5A1C0B7D2F4A6E8B3C9041 /* LiveGameControl.swift in Sources */ = {isa = PBXBuildFile; fileRef = 9E5A1C0B7D2F4A6E8B3C9004 /* LiveGameControl.swift */; };
		9E5A1C0B7D2F4A6E8B3C9051 /* WidgetDayBuilderTests.swift in Sources */ = {isa = PBXBuildFile; fileRef = 9E5A1C0B7D2F4A6E8B3C9005 /* WidgetDayBuilderTests.swift */; };
		5D7A3E91C4B2068F1A9E7C31 /* WidgetSharedDataTests.swift in Sources */ = {isa = PBXBuildFile; fileRef = 5D7A3E91C4B2068F1A9E7C30 /* WidgetSharedDataTests.swift */; };
		0A805DB94612CAEBA90C1517 /* TeamEntity.swift in Sources */ = {isa = PBXBuildFile; fileRef = 293381D72B47893F6410908F /* TeamEntity.swift */; };
		C80C113AED809292E84C5721 /* NextGameIntent.swift in Sources */ = {isa = PBXBuildFile; fileRef = C982C2579AA2F3355E3A66BF /* NextGameIntent.swift */; };
		2C4FE1622D9CB92BAEDC3AB7 /* OpenTeamIntent.swift in Sources */ = {isa = PBXBuildFile; fileRef = C56B639CE3118984028C7D8E /* OpenTeamIntent.swift */; };
		B5674BA67168327D9491BD29 /* MyTeamsShortcuts.swift in Sources */ = {isa = PBXBuildFile; fileRef = 0413F6DB2844D1BDC96309DC /* MyTeamsShortcuts.swift */; };
		B517404BBFC93E31C5A47140 /* TeamSpotlightIndexer.swift in Sources */ = {isa = PBXBuildFile; fileRef = 0B8BD25162BE5492B1529178 /* TeamSpotlightIndexer.swift */; };
		1B5AD6F92B574A4277B7A9FD /* SelectTeamIntent.swift in Sources */ = {isa = PBXBuildFile; fileRef = 049521DB5BFBB67F4180C99A /* SelectTeamIntent.swift */; };
		9CB5EB5FC172B7F73C64554C /* AppIntentsTests.swift in Sources */ = {isa = PBXBuildFile; fileRef = B7F60AA0D8EF82D1A1FA0AEB /* AppIntentsTests.swift */; };
/* End PBXBuildFile section */

/* Begin PBXContainerItemProxy section */
		0DD22CB6C2E8E29B0AF6C12D /* PBXContainerItemProxy */ = {
			isa = PBXContainerItemProxy;
			containerPortal = 98F54143AB4E86B28C3AFEE0 /* Project object */;
			proxyType = 1;
			remoteGlobalIDString = 247391BF3B80B48AE2C70965;
			remoteInfo = myTeamWidgetExtension;
		};
		2B4D2F8BFE54E9562F422278 /* PBXContainerItemProxy */ = {
			isa = PBXContainerItemProxy;
			containerPortal = 98F54143AB4E86B28C3AFEE0 /* Project object */;
			proxyType = 1;
			remoteGlobalIDString = EBDD61221762162E7A8A2AE1;
			remoteInfo = myTeams;
		};
		8B77F2BCC7FC76C097712C2D /* PBXContainerItemProxy */ = {
			isa = PBXContainerItemProxy;
			containerPortal = 98F54143AB4E86B28C3AFEE0 /* Project object */;
			proxyType = 1;
			remoteGlobalIDString = EBDD61221762162E7A8A2AE1;
			remoteInfo = myTeams;
		};
/* End PBXContainerItemProxy section */

/* Begin PBXCopyFilesBuildPhase section */
		F0AB04EE052351C80F3286E9 /* Embed Foundation Extensions */ = {
			isa = PBXCopyFilesBuildPhase;
			buildActionMask = 2147483647;
			dstPath = "";
			dstSubfolderSpec = 13;
			files = (
				5457AB9FB521F7F7EF0268A3 /* myTeamWidgetExtension.appex in Embed Foundation Extensions */,
			);
			name = "Embed Foundation Extensions";
			runOnlyForDeploymentPostprocessing = 0;
		};
/* End PBXCopyFilesBuildPhase section */

/* Begin PBXFileReference section */
		B5F918AF6690B0866D53F8B5 /* StatLeaders.swift */ = {isa = PBXFileReference; lastKnownFileType = sourcecode.swift; path = "StatLeaders.swift"; sourceTree = "<group>"; };
		256C330BF6A6267F6A81903F /* LeadersViews.swift */ = {isa = PBXFileReference; lastKnownFileType = sourcecode.swift; path = "LeadersViews.swift"; sourceTree = "<group>"; };
		AF573B33F27B7BA066BDA6C5 /* StatLeadersTests.swift */ = {isa = PBXFileReference; lastKnownFileType = sourcecode.swift; path = "StatLeadersTests.swift"; sourceTree = "<group>"; };
		0066C623D26D8B069BA140CA /* PlayerSeasonStatsTests.swift */ = {isa = PBXFileReference; lastKnownFileType = sourcecode.swift; path = "PlayerSeasonStatsTests.swift"; sourceTree = "<group>"; };
		FE9E07087CB94CA29221903A /* CrossLeagueAcceptanceTests.swift */ = {isa = PBXFileReference; lastKnownFileType = sourcecode.swift; path = "CrossLeagueAcceptanceTests.swift"; sourceTree = "<group>"; };
		3FFBB22AFEE3DC375613908F /* Linescore.swift */ = {isa = PBXFileReference; lastKnownFileType = sourcecode.swift; path = "Linescore.swift"; sourceTree = "<group>"; };
		E204FC2B5D67A9E685EAE470 /* HockeyBoxScore.swift */ = {isa = PBXFileReference; lastKnownFileType = sourcecode.swift; path = "HockeyBoxScore.swift"; sourceTree = "<group>"; };
		F6C95FC59B0FE4D1F877D183 /* GameTimeline.swift */ = {isa = PBXFileReference; lastKnownFileType = sourcecode.swift; path = "GameTimeline.swift"; sourceTree = "<group>"; };
		CA1E7A0B00000000000000B1 /* CalendarEventBuilder.swift */ = {isa = PBXFileReference; lastKnownFileType = sourcecode.swift; path = "CalendarEventBuilder.swift"; sourceTree = "<group>"; };
		CA1E7A0B00000000000000C1 /* CalendarWriter.swift */ = {isa = PBXFileReference; lastKnownFileType = sourcecode.swift; path = "CalendarWriter.swift"; sourceTree = "<group>"; };
		530A3635B00B73AE346D38AB /* SoccerLineups.swift */ = {isa = PBXFileReference; lastKnownFileType = sourcecode.swift; path = "SoccerLineups.swift"; sourceTree = "<group>"; };
		9696A41597D1B188BFAA270D /* BoxScoreTables.swift */ = {isa = PBXFileReference; lastKnownFileType = sourcecode.swift; path = "BoxScoreTables.swift"; sourceTree = "<group>"; };
		F4E5A2319A52A72647DE025A /* GameStoryView.swift */ = {isa = PBXFileReference; lastKnownFileType = sourcecode.swift; path = "GameStoryView.swift"; sourceTree = "<group>"; };
		3FA214C1BEC40FFD70424DFB /* SportBoxScoreTests.swift */ = {isa = PBXFileReference; lastKnownFileType = sourcecode.swift; path = "SportBoxScoreTests.swift"; sourceTree = "<group>"; };
		8C47DA329B31019ABCA9DED3 /* GameStoryTests.swift */ = {isa = PBXFileReference; lastKnownFileType = sourcecode.swift; path = "GameStoryTests.swift"; sourceTree = "<group>"; };
		50CF848EFDCDCB9AF31230CA /* RecordTests.swift */ = {isa = PBXFileReference; lastKnownFileType = sourcecode.swift; path = "RecordTests.swift"; sourceTree = "<group>"; };
		F5ADB50A6E20B6AAE211BD37 /* StandingsTests.swift */ = {isa = PBXFileReference; lastKnownFileType = sourcecode.swift; path = "StandingsTests.swift"; sourceTree = "<group>"; };
		346F15839B839382E7E93D52 /* Standings.swift */ = {isa = PBXFileReference; lastKnownFileType = sourcecode.swift; path = "Standings.swift"; sourceTree = "<group>"; };
		0D2A095EAB5992522D7B70CC /* Record.swift */ = {isa = PBXFileReference; lastKnownFileType = sourcecode.swift; path = "Record.swift"; sourceTree = "<group>"; };
		DFFB126D041F9FDA0AF91C5B /* TeamPagesTests.swift */ = {isa = PBXFileReference; lastKnownFileType = sourcecode.swift; path = "TeamPagesTests.swift"; sourceTree = "<group>"; };
		B8D4F2A16C3E5D7F9A0B1C2D /* LeagueRegistryTests.swift */ = {isa = PBXFileReference; lastKnownFileType = sourcecode.swift; path = "LeagueRegistryTests.swift"; sourceTree = "<group>"; };
		371481114143CD723EB69303 /* LeagueScoreboardTests.swift */ = {isa = PBXFileReference; lastKnownFileType = sourcecode.swift; path = "LeagueScoreboardTests.swift"; sourceTree = "<group>"; };
		A958F3CCAA603C2C5E068CA3 /* LeagueScoreboardCenter.swift */ = {isa = PBXFileReference; lastKnownFileType = sourcecode.swift; path = "LeagueScoreboardCenter.swift"; sourceTree = "<group>"; };
		AD3C5F108853415329D714E8 /* DownloadScoreboardData.swift */ = {isa = PBXFileReference; lastKnownFileType = sourcecode.swift; path = "DownloadScoreboardData.swift"; sourceTree = "<group>"; };
		E5B8D6915F39CF9CF2226087 /* RecordingTransport.swift */ = {isa = PBXFileReference; lastKnownFileType = sourcecode.swift; path = "RecordingTransport.swift"; sourceTree = "<group>"; };
		8F7DFED7B341798C35C5671F /* ConvertColor.swift */ = {isa = PBXFileReference; lastKnownFileType = sourcecode.swift; path = "ConvertColor.swift"; sourceTree = "<group>"; };
		3336602F15AB9F42EE41A789 /* LoadingView.swift */ = {isa = PBXFileReference; lastKnownFileType = sourcecode.swift; path = "LoadingView.swift"; sourceTree = "<group>"; };
		24BB1F80C1C9188B8F947AEB /* RepeatingTask.swift */ = {isa = PBXFileReference; lastKnownFileType = sourcecode.swift; path = "RepeatingTask.swift"; sourceTree = "<group>"; };
		7A1D0C3E5B9F2A4C6E8D1B30 /* Theme.swift */ = {isa = PBXFileReference; lastKnownFileType = sourcecode.swift; path = "Theme.swift"; sourceTree = "<group>"; };
		BA7ACCE5E3D1F2A4C6E8D101 /* BrandTheme.swift */ = {isa = PBXFileReference; lastKnownFileType = sourcecode.swift; path = "BrandTheme.swift"; sourceTree = "<group>"; };
		295F3B13CE1F1A66438291C3 /* HomeSections.swift */ = {isa = PBXFileReference; lastKnownFileType = sourcecode.swift; path = "HomeSections.swift"; sourceTree = "<group>"; };
		8F2D6B13C95A7E4F01B3D826 /* TeamHomeView.swift */ = {isa = PBXFileReference; lastKnownFileType = sourcecode.swift; path = "TeamHomeView.swift"; sourceTree = "<group>"; };
		BF854E8FC1231BAD448D63BA /* TeamModel.swift */ = {isa = PBXFileReference; lastKnownFileType = sourcecode.swift; path = "TeamModel.swift"; sourceTree = "<group>"; };
		79C7A63F34A9A6D50AA82504 /* Info.plist */ = {isa = PBXFileReference; lastKnownFileType = text.plist.xml; path = "Info.plist"; sourceTree = "<group>"; };
		DB0281FE48582B84C0A01766 /* TabBar.swift */ = {isa = PBXFileReference; lastKnownFileType = sourcecode.swift; path = "TabBar.swift"; sourceTree = "<group>"; };
		FF333D024A94AD1329FBDD78 /* HTTPClient.swift */ = {isa = PBXFileReference; lastKnownFileType = sourcecode.swift; path = "HTTPClient.swift"; sourceTree = "<group>"; };
		3F7C2A91D4E8B6051C9A7E20 /* FeedCache.swift */ = {isa = PBXFileReference; lastKnownFileType = sourcecode.swift; path = "FeedCache.swift"; sourceTree = "<group>"; };
		FCF2740419E81BD1C7945B6A /* JSON.swift */ = {isa = PBXFileReference; lastKnownFileType = sourcecode.swift; path = "JSON.swift"; sourceTree = "<group>"; };
		CA2FB2E1805F644DD405F129 /* RemoteImage.swift */ = {isa = PBXFileReference; lastKnownFileType = sourcecode.swift; path = "RemoteImage.swift"; sourceTree = "<group>"; };
		F57DF80A0735C0D8F2D7EDAD /* WikidataHeadshotStore.swift */ = {isa = PBXFileReference; lastKnownFileType = sourcecode.swift; path = "WikidataHeadshotStore.swift"; sourceTree = "<group>"; };
		D3638309E717E79C3075A33D /* ApiFootballKey.swift */ = {isa = PBXFileReference; lastKnownFileType = sourcecode.swift; path = "ApiFootballKey.swift"; sourceTree = "<group>"; };
		4E9E650E9C660E11C9C04D81 /* ApiFootballHeadshotStore.swift */ = {isa = PBXFileReference; lastKnownFileType = sourcecode.swift; path = "ApiFootballHeadshotStore.swift"; sourceTree = "<group>"; };
		B7B6A399AAE14CFEB1693E93 /* ApiFootballSettingsSection.swift */ = {isa = PBXFileReference; lastKnownFileType = sourcecode.swift; path = "ApiFootballSettingsSection.swift"; sourceTree = "<group>"; };
		CB9C64E7F23AFE201C7DC0FA /* ApiFootballKeyTests.swift */ = {isa = PBXFileReference; lastKnownFileType = sourcecode.swift; path = "ApiFootballKeyTests.swift"; sourceTree = "<group>"; };
		CEF2427905F40F19C5342004 /* ApiFootballHeadshotStoreTests.swift */ = {isa = PBXFileReference; lastKnownFileType = sourcecode.swift; path = "ApiFootballHeadshotStoreTests.swift"; sourceTree = "<group>"; };
		DECE0285E2B0460D5C8119F3 /* AthleteHeadshot.swift */ = {isa = PBXFileReference; lastKnownFileType = sourcecode.swift; path = "AthleteHeadshot.swift"; sourceTree = "<group>"; };
		7F3A9C21B4E8D05A6C1F2E93 /* PlayerGameLogView.swift */ = {isa = PBXFileReference; lastKnownFileType = sourcecode.swift; path = "PlayerGameLogView.swift"; sourceTree = "<group>"; };
		0EEDD564F37117499F40D17A /* WikidataHeadshotStoreTests.swift */ = {isa = PBXFileReference; lastKnownFileType = sourcecode.swift; path = "WikidataHeadshotStoreTests.swift"; sourceTree = "<group>"; };
		A1CBF316BA698A3A7672774F /* Sport.swift */ = {isa = PBXFileReference; lastKnownFileType = sourcecode.swift; path = "Sport.swift"; sourceTree = "<group>"; };
		95678F04274EC3A4BFC7B89B /* TeamRef.swift */ = {isa = PBXFileReference; lastKnownFileType = sourcecode.swift; path = "TeamRef.swift"; sourceTree = "<group>"; };
		6ED568E453469367FE117D58 /* DownloadNewsData.swift */ = {isa = PBXFileReference; lastKnownFileType = sourcecode.swift; path = "DownloadNewsData.swift"; sourceTree = "<group>"; };
		BE0A8D246611BB27CCB24297 /* NewsDetailView.swift */ = {isa = PBXFileReference; lastKnownFileType = sourcecode.swift; path = "NewsDetailView.swift"; sourceTree = "<group>"; };
		78E046E9BE3DE42EB5029A98 /* NewsView.swift */ = {isa = PBXFileReference; lastKnownFileType = sourcecode.swift; path = "NewsView.swift"; sourceTree = "<group>"; };
		F742C536A79EF1E75AC68E72 /* Preview Assets.xcassets */ = {isa = PBXFileReference; lastKnownFileType = folder.assetcatalog; path = "Preview Assets.xcassets"; sourceTree = "<group>"; };
		63E84FD53AFF22D9D6671091 /* Assets.xcassets */ = {isa = PBXFileReference; lastKnownFileType = folder.assetcatalog; path = "Assets.xcassets"; sourceTree = "<group>"; };
		C70E8AAB2B78655365888D80 /* teams.json */ = {isa = PBXFileReference; lastKnownFileType = text.json; path = "teams.json"; sourceTree = "<group>"; };
		3A4E6F7749EA7D0396162F3F /* MyTeamsApp.swift */ = {isa = PBXFileReference; lastKnownFileType = sourcecode.swift; path = "MyTeamsApp.swift"; sourceTree = "<group>"; };
		5A1E7C93B2D84F06A9E3C1D8 /* SplashView.swift */ = {isa = PBXFileReference; lastKnownFileType = sourcecode.swift; path = "SplashView.swift"; sourceTree = "<group>"; };
		C9E57CADCEC98ADC7F08259B /* DownloadAthleteData.swift */ = {isa = PBXFileReference; lastKnownFileType = sourcecode.swift; path = "DownloadAthleteData.swift"; sourceTree = "<group>"; };
		5155054E50DB8742CCF3A02D /* DownloadRosterData.swift */ = {isa = PBXFileReference; lastKnownFileType = sourcecode.swift; path = "DownloadRosterData.swift"; sourceTree = "<group>"; };
		88D1C9C84AB3AE52DB615DEC /* PlayerDetailView.swift */ = {isa = PBXFileReference; lastKnownFileType = sourcecode.swift; path = "PlayerDetailView.swift"; sourceTree = "<group>"; };
		9B3AA19AD17C939F21D94002 /* PlayerView.swift */ = {isa = PBXFileReference; lastKnownFileType = sourcecode.swift; path = "PlayerView.swift"; sourceTree = "<group>"; };
		305483CF1D4C14956E0C87C9 /* StatPercentageView.swift */ = {isa = PBXFileReference; lastKnownFileType = sourcecode.swift; path = "StatPercentageView.swift"; sourceTree = "<group>"; };
		EAF61F5573297A98A78E7FDC /* DownloadGameData.swift */ = {isa = PBXFileReference; lastKnownFileType = sourcecode.swift; path = "DownloadGameData.swift"; sourceTree = "<group>"; };
		72E172747265D9C939F96796 /* DownloadScheduleData.swift */ = {isa = PBXFileReference; lastKnownFileType = sourcecode.swift; path = "DownloadScheduleData.swift"; sourceTree = "<group>"; };
		300C8F4EF2CBE67A89FA2CE0 /* GameDetailView.swift */ = {isa = PBXFileReference; lastKnownFileType = sourcecode.swift; path = "GameDetailView.swift"; sourceTree = "<group>"; };
		4D41D8E8BA194844AF614EFD /* GameView.swift */ = {isa = PBXFileReference; lastKnownFileType = sourcecode.swift; path = "GameView.swift"; sourceTree = "<group>"; };
		53964FD8D1BC8B08F81728C8 /* GetNextGame.swift */ = {isa = PBXFileReference; lastKnownFileType = sourcecode.swift; path = "GetNextGame.swift"; sourceTree = "<group>"; };
		F92E9AB20E4DA4EC99189F4A /* StatRowView.swift */ = {isa = PBXFileReference; lastKnownFileType = sourcecode.swift; path = "StatRowView.swift"; sourceTree = "<group>"; };
		AA4ACA445B3FBAF47CDE31AC /* README.md */ = {isa = PBXFileReference; lastKnownFileType = net.daringfireball.markdown; path = "README.md"; sourceTree = "<group>"; };
		51CD6BF2A976D0F89BED3A66 /* Assets.xcassets */ = {isa = PBXFileReference; lastKnownFileType = folder.assetcatalog; path = "Assets.xcassets"; sourceTree = "<group>"; };
		95813F172EB4B27F0B0B1BC5 /* Info.plist */ = {isa = PBXFileReference; lastKnownFileType = text.plist.xml; path = "Info.plist"; sourceTree = "<group>"; };
		2D7E42B65C657DF94CC0AE71 /* WidgetScheduleLoader.swift */ = {isa = PBXFileReference; lastKnownFileType = sourcecode.swift; path = "WidgetScheduleLoader.swift"; sourceTree = "<group>"; };
		CC25799C101CA0E983D6E0BA /* myTeamWidget.swift */ = {isa = PBXFileReference; lastKnownFileType = sourcecode.swift; path = "myTeamWidget.swift"; sourceTree = "<group>"; };
		5FA6BA77AADD1A39B6B6403D /* myTeams-app.entitlements */ = {isa = PBXFileReference; lastKnownFileType = text.plist.entitlements; path = "myTeams-app.entitlements"; sourceTree = "<group>"; };
		66D254FAC09DB6A6C8499C7E /* myTeamWidget.entitlements */ = {isa = PBXFileReference; lastKnownFileType = text.plist.entitlements; path = "myTeamWidget.entitlements"; sourceTree = "<group>"; };
		C215F1D687B2267DDC42D736 /* JSONTests.swift */ = {isa = PBXFileReference; lastKnownFileType = sourcecode.swift; path = "JSONTests.swift"; sourceTree = "<group>"; };
		B9F1546F852F45279E04277F /* BoxScoreParsingTests.swift */ = {isa = PBXFileReference; lastKnownFileType = sourcecode.swift; path = "BoxScoreParsingTests.swift"; sourceTree = "<group>"; };
		6F3B8E21A4C54D7B8E02F9A3 /* AthleteStatsParsingTests.swift */ = {isa = PBXFileReference; lastKnownFileType = sourcecode.swift; path = "AthleteStatsParsingTests.swift"; sourceTree = "<group>"; };
		A93F2D6C18E54B7F9D0C3E12 /* HTTPClientTests.swift */ = {isa = PBXFileReference; lastKnownFileType = sourcecode.swift; path = "HTTPClientTests.swift"; sourceTree = "<group>"; };
		C7B081DF6D2F99291D6A497E /* GoldenParserTests.swift */ = {isa = PBXFileReference; lastKnownFileType = sourcecode.swift; path = "GoldenParserTests.swift"; sourceTree = "<group>"; };
		80F9C2C0E4436B9A7E6740B8 /* FixtureLoader.swift */ = {isa = PBXFileReference; lastKnownFileType = sourcecode.swift; path = "FixtureLoader.swift"; sourceTree = "<group>"; };
		85ADA55D78EE908E3737EFAC /* TeamCatalogTests.swift */ = {isa = PBXFileReference; lastKnownFileType = sourcecode.swift; path = "TeamCatalogTests.swift"; sourceTree = "<group>"; };
		0016D8946325BE560D66E257 /* Fixtures */ = {isa = PBXFileReference; lastKnownFileType = folder; path = "Fixtures"; sourceTree = "<group>"; };
		BD5786509BA63FD87FE7AD03 /* FIXTURES.md */ = {isa = PBXFileReference; lastKnownFileType = net.daringfireball.markdown; path = "FIXTURES.md"; sourceTree = "<group>"; };
		CD86BF7A0097CF9FDA696FF4 /* ScheduleParsingTests.swift */ = {isa = PBXFileReference; lastKnownFileType = sourcecode.swift; path = "ScheduleParsingTests.swift"; sourceTree = "<group>"; };
		E2173D3CEFFD95945C667099 /* myTeamsUITests.swift */ = {isa = PBXFileReference; lastKnownFileType = sourcecode.swift; path = "myTeamsUITests.swift"; sourceTree = "<group>"; };
		7A1D0C3E5B9F2A4C6E8D1B34 /* GlassUIScreenshotTests.swift */ = {isa = PBXFileReference; lastKnownFileType = sourcecode.swift; path = "GlassUIScreenshotTests.swift"; sourceTree = "<group>"; };
		B6CDB6E5D160E013280D3C68 /* myTeams.app */ = {isa = PBXFileReference; explicitFileType = wrapper.application; includeInIndex = 0; path = myTeams.app; sourceTree = BUILT_PRODUCTS_DIR; };
		4C47665D1BA4105DF9684DC4 /* myTeamWidgetExtension.appex */ = {isa = PBXFileReference; explicitFileType = wrapper.app-extension; includeInIndex = 0; path = myTeamWidgetExtension.appex; sourceTree = BUILT_PRODUCTS_DIR; };
		E02A90D9643568EA39115CFB /* myTeamsTests.xctest */ = {isa = PBXFileReference; explicitFileType = wrapper.cfbundle; includeInIndex = 0; path = myTeamsTests.xctest; sourceTree = BUILT_PRODUCTS_DIR; };
		2DC2D7827160987765974061 /* myTeamsUITests.xctest */ = {isa = PBXFileReference; explicitFileType = wrapper.cfbundle; includeInIndex = 0; path = myTeamsUITests.xctest; sourceTree = BUILT_PRODUCTS_DIR; };
		5883C4F774D9544E81195578 /* LogoStore.swift */ = {isa = PBXFileReference; lastKnownFileType = sourcecode.swift; path = "LogoStore.swift"; sourceTree = "<group>"; };
		5E1A7C33D9B04F2A8C6E1F01 /* SharedStore.swift */ = {isa = PBXFileReference; lastKnownFileType = sourcecode.swift; path = "SharedStore.swift"; sourceTree = "<group>"; };
		A6C3E169CF585D33F00B7811 /* RemoteTeamCatalog.swift */ = {isa = PBXFileReference; lastKnownFileType = sourcecode.swift; path = "RemoteTeamCatalog.swift"; sourceTree = "<group>"; };
		A79881DBBADFB9BC8FCD8431 /* TeamLogo.swift */ = {isa = PBXFileReference; lastKnownFileType = sourcecode.swift; path = "TeamLogo.swift"; sourceTree = "<group>"; };
		82D2B7B76E0770278F858496 /* RemoteTeamCatalogTests.swift */ = {isa = PBXFileReference; lastKnownFileType = sourcecode.swift; path = "RemoteTeamCatalogTests.swift"; sourceTree = "<group>"; };
		B6F5832EB99B1723EF239CCC /* LogoStoreTests.swift */ = {isa = PBXFileReference; lastKnownFileType = sourcecode.swift; path = "LogoStoreTests.swift"; sourceTree = "<group>"; };
		4ECCD455A0790D88722B60C1 /* TeamLogoTests.swift */ = {isa = PBXFileReference; lastKnownFileType = sourcecode.swift; path = "TeamLogoTests.swift"; sourceTree = "<group>"; };
		7A1D0C3E5B9F2A4C6E8D1B32 /* ThemeTests.swift */ = {isa = PBXFileReference; lastKnownFileType = sourcecode.swift; path = "ThemeTests.swift"; sourceTree = "<group>"; };
		5C1A2E7D9B3F4A6C8E0D2B40 /* GameCardContentTests.swift */ = {isa = PBXFileReference; lastKnownFileType = sourcecode.swift; path = "GameCardContentTests.swift"; sourceTree = "<group>"; };
		CA1E7A0B00000000000000D1 /* CalendarEventBuilderTests.swift */ = {isa = PBXFileReference; lastKnownFileType = sourcecode.swift; path = "CalendarEventBuilderTests.swift"; sourceTree = "<group>"; };
		BD52FEA243D6F89CB697B876 /* TabBarTests.swift */ = {isa = PBXFileReference; lastKnownFileType = sourcecode.swift; path = "TabBarTests.swift"; sourceTree = "<group>"; };
		9A4F2B61C87E03D5B2F16A48 /* WidgetDeepLinkTests.swift */ = {isa = PBXFileReference; lastKnownFileType = sourcecode.swift; path = "WidgetDeepLinkTests.swift"; sourceTree = "<group>"; };
		EA265B07826AA61D8CCF59B3 /* ScoreAlertEngineTests.swift */ = {isa = PBXFileReference; lastKnownFileType = sourcecode.swift; path = "ScoreAlertEngineTests.swift"; sourceTree = "<group>"; };
		F145067F502A5D79A92FE9F1 /* FavoritesStoreNotificationTests.swift */ = {isa = PBXFileReference; lastKnownFileType = sourcecode.swift; path = "FavoritesStoreNotificationTests.swift"; sourceTree = "<group>"; };
		553644DA631607EFF73950A3 /* LeagueScoreboardCenterFanoutTests.swift */ = {isa = PBXFileReference; lastKnownFileType = sourcecode.swift; path = "LeagueScoreboardCenterFanoutTests.swift"; sourceTree = "<group>"; };
		B96A94997ED9B4D7848B18A5 /* FavoritesScoreboardFollowingTests.swift */ = {isa = PBXFileReference; lastKnownFileType = sourcecode.swift; path = "FavoritesScoreboardFollowingTests.swift"; sourceTree = "<group>"; };
		06D8AC51A70604C3C19C7EDE /* AlertsSettingsTests.swift */ = {isa = PBXFileReference; lastKnownFileType = sourcecode.swift; path = "AlertsSettingsTests.swift"; sourceTree = "<group>"; };
		3B30D538B4BCB2BEB36F253C /* SettingsTests.swift */ = {isa = PBXFileReference; lastKnownFileType = sourcecode.swift; path = "SettingsTests.swift"; sourceTree = "<group>"; };
		7D3F2A1B9C4E5F60718293A5 /* SplashTests.swift */ = {isa = PBXFileReference; lastKnownFileType = sourcecode.swift; path = "SplashTests.swift"; sourceTree = "<group>"; };
		F8908C7681C6E71A212FCEB6 /* WidgetDeepLinkRoutingTests.swift */ = {isa = PBXFileReference; lastKnownFileType = sourcecode.swift; path = "WidgetDeepLinkRoutingTests.swift"; sourceTree = "<group>"; };
		DDBB71827C45A79D38B20049 /* FavoritesStore.swift */ = {isa = PBXFileReference; lastKnownFileType = sourcecode.swift; path = "FavoritesStore.swift"; sourceTree = "<group>"; };
		D1204CF56986AC1138C1805E /* TeamBrowserView.swift */ = {isa = PBXFileReference; lastKnownFileType = sourcecode.swift; path = "TeamBrowserView.swift"; sourceTree = "<group>"; };
		293381D72B47893F6410908F /* TeamEntity.swift */ = {isa = PBXFileReference; lastKnownFileType = sourcecode.swift; path = "TeamEntity.swift"; sourceTree = "<group>"; };
		71148A6D7F570E7638E31B26 /* FavoritesStoreTests.swift */ = {isa = PBXFileReference; lastKnownFileType = sourcecode.swift; path = "FavoritesStoreTests.swift"; sourceTree = "<group>"; };
		B8673FD4EC890689DDAB3882 /* TeamSearchTests.swift */ = {isa = PBXFileReference; lastKnownFileType = sourcecode.swift; path = "TeamSearchTests.swift"; sourceTree = "<group>"; };
		0F569FD476AA3CA168D4089A /* ScoreAlertsPermissions.swift */ = {isa = PBXFileReference; lastKnownFileType = sourcecode.swift; path = "ScoreAlertsPermissions.swift"; sourceTree = "<group>"; };
		60FC9E09F90C7500085E831A /* AlertsSettings.swift */ = {isa = PBXFileReference; lastKnownFileType = sourcecode.swift; path = "AlertsSettings.swift"; sourceTree = "<group>"; };
		A2323471F90D8D4681F7AB62 /* AlertsSettingsView.swift */ = {isa = PBXFileReference; lastKnownFileType = sourcecode.swift; path = "AlertsSettingsView.swift"; sourceTree = "<group>"; };
		BA7ACCE5E3D1F2A4C6E8D109 /* ThemeSettingsView.swift */ = {isa = PBXFileReference; lastKnownFileType = sourcecode.swift; path = "ThemeSettingsView.swift"; sourceTree = "<group>"; };
		BA7ACCE5E3D1F2A4C6E8D10B /* ThemeOnboardingView.swift */ = {isa = PBXFileReference; lastKnownFileType = sourcecode.swift; path = "ThemeOnboardingView.swift"; sourceTree = "<group>"; };
		BA7ACCE5E3D1F2A4C6E8D10D /* BrandThemeTests.swift */ = {isa = PBXFileReference; lastKnownFileType = sourcecode.swift; path = "BrandThemeTests.swift"; sourceTree = "<group>"; };
		9E9BCA9DA2DE99665D6030A2 /* SettingsView.swift */ = {isa = PBXFileReference; lastKnownFileType = sourcecode.swift; path = "SettingsView.swift"; sourceTree = "<group>"; };
		77BBB55DFA6210CB7B45F03F /* ScoreDiff.swift */ = {isa = PBXFileReference; lastKnownFileType = sourcecode.swift; path = "ScoreDiff.swift"; sourceTree = "<group>"; };
		78CA6FD1F7AD1F9B77140658 /* WidgetScoreboardSnapshot.swift */ = {isa = PBXFileReference; lastKnownFileType = sourcecode.swift; path = "WidgetScoreboardSnapshot.swift"; sourceTree = "<group>"; };
		76F3B36321E5994D5241C3D6 /* WidgetScoreboardWriter.swift */ = {isa = PBXFileReference; lastKnownFileType = sourcecode.swift; path = "WidgetScoreboardWriter.swift"; sourceTree = "<group>"; };
		73CCE8CE52BE17095769EA86 /* ScoreAlertEngine.swift */ = {isa = PBXFileReference; lastKnownFileType = sourcecode.swift; path = "ScoreAlertEngine.swift"; sourceTree = "<group>"; };
		940348FF9580BF614B9B5506 /* AppDelegate.swift */ = {isa = PBXFileReference; lastKnownFileType = sourcecode.swift; path = "AppDelegate.swift"; sourceTree = "<group>"; };
		DD02C6C6B9A59B8F11DE2BB3 /* ScoreDiffTests.swift */ = {isa = PBXFileReference; lastKnownFileType = sourcecode.swift; path = "ScoreDiffTests.swift"; sourceTree = "<group>"; };
		8585BFFB4C809ADEA284CD9C /* GameActivityAttributes.swift */ = {isa = PBXFileReference; lastKnownFileType = sourcecode.swift; path = "GameActivityAttributes.swift"; sourceTree = "<group>"; };
		5D2A7C914E3B6F08A1C2D3E4 /* Ordinal.swift */ = {isa = PBXFileReference; lastKnownFileType = sourcecode.swift; path = "Ordinal.swift"; sourceTree = "<group>"; };
		9CB561517D21DC51898A319C /* LiveActivityStateMapper.swift */ = {isa = PBXFileReference; lastKnownFileType = sourcecode.swift; path = "LiveActivityStateMapper.swift"; sourceTree = "<group>"; };
		EEE774E984A3007954BFA9CA /* LiveActivityManager.swift */ = {isa = PBXFileReference; lastKnownFileType = sourcecode.swift; path = "LiveActivityManager.swift"; sourceTree = "<group>"; };
		F1CD8C6BEDB944DE40AC4899 /* GameLiveActivity.swift */ = {isa = PBXFileReference; lastKnownFileType = sourcecode.swift; path = "GameLiveActivity.swift"; sourceTree = "<group>"; };
		F6F496BCF446A9B66DCCE468 /* LiveActivityMapperTests.swift */ = {isa = PBXFileReference; lastKnownFileType = sourcecode.swift; path = "LiveActivityMapperTests.swift"; sourceTree = "<group>"; };
		48894AFDF913DDA8138E5B0C /* PrivacyInfo.xcprivacy */ = {isa = PBXFileReference; lastKnownFileType = text.xml; path = "PrivacyInfo.xcprivacy"; sourceTree = "<group>"; };
		B58AC2186F276DF2B919173C /* PrivacyInfo.xcprivacy */ = {isa = PBXFileReference; lastKnownFileType = text.xml; path = "PrivacyInfo.xcprivacy"; sourceTree = "<group>"; };
		381D9063F8712266EC82966C /* HomeView.swift */ = {isa = PBXFileReference; lastKnownFileType = sourcecode.swift; path = "HomeView.swift"; sourceTree = "<group>"; };
		D061498A1D04423DADE5F8E4 /* HomeViewModel.swift */ = {isa = PBXFileReference; lastKnownFileType = sourcecode.swift; path = "HomeViewModel.swift"; sourceTree = "<group>"; };
		EDE1F007B80803106A72D80C /* HomeFeedTests.swift */ = {isa = PBXFileReference; lastKnownFileType = sourcecode.swift; path = "HomeFeedTests.swift"; sourceTree = "<group>"; };
		A8F3D58A2369AEB7973BCAE1 /* HomeUITests.swift */ = {isa = PBXFileReference; lastKnownFileType = sourcecode.swift; path = "HomeUITests.swift"; sourceTree = "<group>"; };
		9E5A1C0B7D2F4A6E8B3C9001 /* HomeFeedWindow.swift */ = {isa = PBXFileReference; lastKnownFileType = sourcecode.swift; path = "HomeFeedWindow.swift"; sourceTree = "<group>"; };
		9E5A1C0B7D2F4A6E8B3C9002 /* WidgetDayBuilder.swift */ = {isa = PBXFileReference; lastKnownFileType = sourcecode.swift; path = "WidgetDayBuilder.swift"; sourceTree = "<group>"; };
		9E5A1C0B7D2F4A6E8B3C9003 /* MyDayWidget.swift */ = {isa = PBXFileReference; lastKnownFileType = sourcecode.swift; path = "MyDayWidget.swift"; sourceTree = "<group>"; };
		9E5A1C0B7D2F4A6E8B3C9004 /* LiveGameControl.swift */ = {isa = PBXFileReference; lastKnownFileType = sourcecode.swift; path = "LiveGameControl.swift"; sourceTree = "<group>"; };
		9E5A1C0B7D2F4A6E8B3C9005 /* WidgetDayBuilderTests.swift */ = {isa = PBXFileReference; lastKnownFileType = sourcecode.swift; path = "WidgetDayBuilderTests.swift"; sourceTree = "<group>"; };
		5D7A3E91C4B2068F1A9E7C30 /* WidgetSharedDataTests.swift */ = {isa = PBXFileReference; lastKnownFileType = sourcecode.swift; path = "WidgetSharedDataTests.swift"; sourceTree = "<group>"; };
		C982C2579AA2F3355E3A66BF /* NextGameIntent.swift */ = {isa = PBXFileReference; lastKnownFileType = sourcecode.swift; path = "NextGameIntent.swift"; sourceTree = "<group>"; };
		C56B639CE3118984028C7D8E /* OpenTeamIntent.swift */ = {isa = PBXFileReference; lastKnownFileType = sourcecode.swift; path = "OpenTeamIntent.swift"; sourceTree = "<group>"; };
		0413F6DB2844D1BDC96309DC /* MyTeamsShortcuts.swift */ = {isa = PBXFileReference; lastKnownFileType = sourcecode.swift; path = "MyTeamsShortcuts.swift"; sourceTree = "<group>"; };
		0B8BD25162BE5492B1529178 /* TeamSpotlightIndexer.swift */ = {isa = PBXFileReference; lastKnownFileType = sourcecode.swift; path = "TeamSpotlightIndexer.swift"; sourceTree = "<group>"; };
		049521DB5BFBB67F4180C99A /* SelectTeamIntent.swift */ = {isa = PBXFileReference; lastKnownFileType = sourcecode.swift; path = "SelectTeamIntent.swift"; sourceTree = "<group>"; };
		B7F60AA0D8EF82D1A1FA0AEB /* AppIntentsTests.swift */ = {isa = PBXFileReference; lastKnownFileType = sourcecode.swift; path = "AppIntentsTests.swift"; sourceTree = "<group>"; };
/* End PBXFileReference section */

/* Begin PBXFrameworksBuildPhase section */
		5B9773D84493B3D713DB9AC0 /* Frameworks */ = {
			isa = PBXFrameworksBuildPhase;
			buildActionMask = 2147483647;
			files = (
			);
			runOnlyForDeploymentPostprocessing = 0;
		};
		FECEEADB2ECFD0040C24F686 /* Frameworks */ = {
			isa = PBXFrameworksBuildPhase;
			buildActionMask = 2147483647;
			files = (
			);
			runOnlyForDeploymentPostprocessing = 0;
		};
		E51E325E2D7A6ADDC5C9CAB4 /* Frameworks */ = {
			isa = PBXFrameworksBuildPhase;
			buildActionMask = 2147483647;
			files = (
			);
			runOnlyForDeploymentPostprocessing = 0;
		};
		017AABD8993651F6890C6581 /* Frameworks */ = {
			isa = PBXFrameworksBuildPhase;
			buildActionMask = 2147483647;
			files = (
			);
			runOnlyForDeploymentPostprocessing = 0;
		};
/* End PBXFrameworksBuildPhase section */

/* Begin PBXGroup section */
		DF891E785808226D241F246E = {
			isa = PBXGroup;
			children = (
				93450EBCBB69CD68A284D857 /* Hawk Nation */,
				8C956299E51B1007EBDA4A18 /* myTeamWidget */,
				FE5F5EA714353F16ED8FB48C /* myTeamsTests */,
				614FC7AFD8CB73DF5DBA3A49 /* myTeamsUITests */,
				AA4ACA445B3FBAF47CDE31AC /* README.md */,
				5FA6BA77AADD1A39B6B6403D /* myTeams-app.entitlements */,
				00C45FD35CB0F9C5F764F070 /* Products */,
			);
			sourceTree = "<group>";
		};
		00C45FD35CB0F9C5F764F070 /* Products */ = {
			isa = PBXGroup;
			children = (
				B6CDB6E5D160E013280D3C68 /* myTeams.app */,
				4C47665D1BA4105DF9684DC4 /* myTeamWidgetExtension.appex */,
				E02A90D9643568EA39115CFB /* myTeamsTests.xctest */,
				2DC2D7827160987765974061 /* myTeamsUITests.xctest */,
			);
			name = Products;
			sourceTree = "<group>";
		};
		C1EA25E0921B6F5D2402EC7D /* Classes */ = {
			isa = PBXGroup;
			children = (
				BA7ACCE5E3D1F2A4C6E8D101 /* BrandTheme.swift */,
				8F7DFED7B341798C35C5671F /* ConvertColor.swift */,
				3336602F15AB9F42EE41A789 /* LoadingView.swift */,
				24BB1F80C1C9188B8F947AEB /* RepeatingTask.swift */,
				7A1D0C3E5B9F2A4C6E8D1B30 /* Theme.swift */,
			);
			path = "Classes";
			sourceTree = "<group>";
		};
		B589460F49A851E6DFD8E653 /* Home Menus */ = {
			isa = PBXGroup;
			children = (
				A958F3CCAA603C2C5E068CA3 /* LeagueScoreboardCenter.swift */,
				73CCE8CE52BE17095769EA86 /* ScoreAlertEngine.swift */,
				77BBB55DFA6210CB7B45F03F /* ScoreDiff.swift */,
				78CA6FD1F7AD1F9B77140658 /* WidgetScoreboardSnapshot.swift */,
				76F3B36321E5994D5241C3D6 /* WidgetScoreboardWriter.swift */,
				8585BFFB4C809ADEA284CD9C /* GameActivityAttributes.swift */,
				5D2A7C914E3B6F08A1C2D3E4 /* Ordinal.swift */,
				9CB561517D21DC51898A319C /* LiveActivityStateMapper.swift */,
				EEE774E984A3007954BFA9CA /* LiveActivityManager.swift */,
				0F569FD476AA3CA168D4089A /* ScoreAlertsPermissions.swift */,
				60FC9E09F90C7500085E831A /* AlertsSettings.swift */,
				A2323471F90D8D4681F7AB62 /* AlertsSettingsView.swift */,
				BA7ACCE5E3D1F2A4C6E8D109 /* ThemeSettingsView.swift */,
				BA7ACCE5E3D1F2A4C6E8D10B /* ThemeOnboardingView.swift */,
				9E9BCA9DA2DE99665D6030A2 /* SettingsView.swift */,
				B7B6A399AAE14CFEB1693E93 /* ApiFootballSettingsSection.swift */,
				346F15839B839382E7E93D52 /* Standings.swift */,
				0D2A095EAB5992522D7B70CC /* Record.swift */,
				D1204CF56986AC1138C1805E /* TeamBrowserView.swift */,
				DDBB71827C45A79D38B20049 /* FavoritesStore.swift */,
				295F3B13CE1F1A66438291C3 /* HomeSections.swift */,
				8F2D6B13C95A7E4F01B3D826 /* TeamHomeView.swift */,
				D061498A1D04423DADE5F8E4 /* HomeViewModel.swift */,
				9E5A1C0B7D2F4A6E8B3C9001 /* HomeFeedWindow.swift */,
				381D9063F8712266EC82966C /* HomeView.swift */,
				BF854E8FC1231BAD448D63BA /* TeamModel.swift */,
			);
			path = "Home Menus";
			sourceTree = "<group>";
		};
		CCCBA149215075EAAAE4A4E3 /* NavigationBar */ = {
			isa = PBXGroup;
			children = (
				DB0281FE48582B84C0A01766 /* TabBar.swift */,
			);
			path = "NavigationBar";
			sourceTree = "<group>";
		};
		DB7E8B0D7B7FEDD1EEA4D0B4 /* Networking */ = {
			isa = PBXGroup;
			children = (
				FF333D024A94AD1329FBDD78 /* HTTPClient.swift */,
				3F7C2A91D4E8B6051C9A7E20 /* FeedCache.swift */,
				FCF2740419E81BD1C7945B6A /* JSON.swift */,
				CA2FB2E1805F644DD405F129 /* RemoteImage.swift */,
				F57DF80A0735C0D8F2D7EDAD /* WikidataHeadshotStore.swift */,
				D3638309E717E79C3075A33D /* ApiFootballKey.swift */,
				4E9E650E9C660E11C9C04D81 /* ApiFootballHeadshotStore.swift */,
				A1CBF316BA698A3A7672774F /* Sport.swift */,
				95678F04274EC3A4BFC7B89B /* TeamRef.swift */,
				5883C4F774D9544E81195578 /* LogoStore.swift */,
				5E1A7C33D9B04F2A8C6E1F01 /* SharedStore.swift */,
				A6C3E169CF585D33F00B7811 /* RemoteTeamCatalog.swift */,
				A79881DBBADFB9BC8FCD8431 /* TeamLogo.swift */,
			);
			path = "Networking";
			sourceTree = "<group>";
		};
		AA0592EC7C2FBD9142B79371 /* Classes */ = {
			isa = PBXGroup;
			children = (
				6ED568E453469367FE117D58 /* DownloadNewsData.swift */,
			);
			path = "Classes";
			sourceTree = "<group>";
		};
		FF7ADEA1D41441FD06A40ACF /* Views */ = {
			isa = PBXGroup;
			children = (
				BE0A8D246611BB27CCB24297 /* NewsDetailView.swift */,
				78E046E9BE3DE42EB5029A98 /* NewsView.swift */,
			);
			path = "Views";
			sourceTree = "<group>";
		};
		D7E9E9BB011DE31E7182F622 /* News */ = {
			isa = PBXGroup;
			children = (
				AA0592EC7C2FBD9142B79371 /* Classes */,
				FF7ADEA1D41441FD06A40ACF /* Views */,
			);
			path = "News";
			sourceTree = "<group>";
		};
		15205A006E11E27B224C9FE4 /* Preview Content */ = {
			isa = PBXGroup;
			children = (
				F742C536A79EF1E75AC68E72 /* Preview Assets.xcassets */,
			);
			path = "Preview Content";
			sourceTree = "<group>";
		};
		BC62053C8D1427B56DA21000 /* Resources */ = {
			isa = PBXGroup;
			children = (
				63E84FD53AFF22D9D6671091 /* Assets.xcassets */,
				3A4E6F7749EA7D0396162F3F /* MyTeamsApp.swift */,
				940348FF9580BF614B9B5506 /* AppDelegate.swift */,
				5A1E7C93B2D84F06A9E3C1D8 /* SplashView.swift */,
				C70E8AAB2B78655365888D80 /* teams.json */,
			);
			path = "Resources";
			sourceTree = "<group>";
		};
		8CD8F5853B41895351208890 /* Classes */ = {
			isa = PBXGroup;
			children = (
				C9E57CADCEC98ADC7F08259B /* DownloadAthleteData.swift */,
				5155054E50DB8742CCF3A02D /* DownloadRosterData.swift */,
			);
			path = "Classes";
			sourceTree = "<group>";
		};
		2D781E733A75BC803AFBA0B4 /* Views */ = {
			isa = PBXGroup;
			children = (
				88D1C9C84AB3AE52DB615DEC /* PlayerDetailView.swift */,
				7F3A9C21B4E8D05A6C1F2E93 /* PlayerGameLogView.swift */,
				9B3AA19AD17C939F21D94002 /* PlayerView.swift */,
				DECE0285E2B0460D5C8119F3 /* AthleteHeadshot.swift */,
				305483CF1D4C14956E0C87C9 /* StatPercentageView.swift */,
			);
			path = "Views";
			sourceTree = "<group>";
		};
		6E97A3DC94FFD380AB2E9C40 /* Roster */ = {
			isa = PBXGroup;
			children = (
				8CD8F5853B41895351208890 /* Classes */,
				2D781E733A75BC803AFBA0B4 /* Views */,
			);
			path = "Roster";
			sourceTree = "<group>";
		};
		46090BBDB80BC913CBE457E1 /* Classes */ = {
			isa = PBXGroup;
			children = (
				AD3C5F108853415329D714E8 /* DownloadScoreboardData.swift */,
				EAF61F5573297A98A78E7FDC /* DownloadGameData.swift */,
				72E172747265D9C939F96796 /* DownloadScheduleData.swift */,
				3FFBB22AFEE3DC375613908F /* Linescore.swift */,
				E204FC2B5D67A9E685EAE470 /* HockeyBoxScore.swift */,
				F6C95FC59B0FE4D1F877D183 /* GameTimeline.swift */,
				CA1E7A0B00000000000000B1 /* CalendarEventBuilder.swift */,
				CA1E7A0B00000000000000C1 /* CalendarWriter.swift */,
				530A3635B00B73AE346D38AB /* SoccerLineups.swift */,
			);
			path = "Classes";
			sourceTree = "<group>";
		};
		D243B3E760712020FE0FA274 /* Views */ = {
			isa = PBXGroup;
			children = (
				300C8F4EF2CBE67A89FA2CE0 /* GameDetailView.swift */,
				4D41D8E8BA194844AF614EFD /* GameView.swift */,
				53964FD8D1BC8B08F81728C8 /* GetNextGame.swift */,
				F92E9AB20E4DA4EC99189F4A /* StatRowView.swift */,
				9696A41597D1B188BFAA270D /* BoxScoreTables.swift */,
				F4E5A2319A52A72647DE025A /* GameStoryView.swift */,
			);
			path = "Views";
			sourceTree = "<group>";
		};
		07B15EF8FF1BF9739823AB17 /* Schedule */ = {
			isa = PBXGroup;
			children = (
				46090BBDB80BC913CBE457E1 /* Classes */,
				D243B3E760712020FE0FA274 /* Views */,
			);
			path = "Schedule";
			sourceTree = "<group>";
		};
		BA33872DA733A2C0BB511766 /* Leaders */ = {
			isa = PBXGroup;
			children = (
				B5F918AF6690B0866D53F8B5 /* StatLeaders.swift */,
				256C330BF6A6267F6A81903F /* LeadersViews.swift */,
			);
			path = "Leaders";
			sourceTree = "<group>";
		};
		93450EBCBB69CD68A284D857 /* Hawk Nation */ = {
			isa = PBXGroup;
			children = (
				C1EA25E0921B6F5D2402EC7D /* Classes */,
				B589460F49A851E6DFD8E653 /* Home Menus */,
				450544617C387F703D380080 /* Intents */,
				BA33872DA733A2C0BB511766 /* Leaders */,
				CCCBA149215075EAAAE4A4E3 /* NavigationBar */,
				DB7E8B0D7B7FEDD1EEA4D0B4 /* Networking */,
				D7E9E9BB011DE31E7182F622 /* News */,
				15205A006E11E27B224C9FE4 /* Preview Content */,
				BC62053C8D1427B56DA21000 /* Resources */,
				6E97A3DC94FFD380AB2E9C40 /* Roster */,
				07B15EF8FF1BF9739823AB17 /* Schedule */,
				79C7A63F34A9A6D50AA82504 /* Info.plist */,
				48894AFDF913DDA8138E5B0C /* PrivacyInfo.xcprivacy */,
			);
			path = "Hawk Nation";
			sourceTree = "<group>";
		};
		8C956299E51B1007EBDA4A18 /* myTeamWidget */ = {
			isa = PBXGroup;
			children = (
				049521DB5BFBB67F4180C99A /* SelectTeamIntent.swift */,
				51CD6BF2A976D0F89BED3A66 /* Assets.xcassets */,
				95813F172EB4B27F0B0B1BC5 /* Info.plist */,
				B58AC2186F276DF2B919173C /* PrivacyInfo.xcprivacy */,
				2D7E42B65C657DF94CC0AE71 /* WidgetScheduleLoader.swift */,
				CC25799C101CA0E983D6E0BA /* myTeamWidget.swift */,
				F1CD8C6BEDB944DE40AC4899 /* GameLiveActivity.swift */,
				9E5A1C0B7D2F4A6E8B3C9002 /* WidgetDayBuilder.swift */,
				9E5A1C0B7D2F4A6E8B3C9003 /* MyDayWidget.swift */,
				9E5A1C0B7D2F4A6E8B3C9004 /* LiveGameControl.swift */,
				66D254FAC09DB6A6C8499C7E /* myTeamWidget.entitlements */,
			);
			path = "myTeamWidget";
			sourceTree = "<group>";
		};
		FE5F5EA714353F16ED8FB48C /* myTeamsTests */ = {
			isa = PBXGroup;
			children = (
				DFFB126D041F9FDA0AF91C5B /* TeamPagesTests.swift */,
				B8D4F2A16C3E5D7F9A0B1C2D /* LeagueRegistryTests.swift */,
				50CF848EFDCDCB9AF31230CA /* RecordTests.swift */,
				F5ADB50A6E20B6AAE211BD37 /* StandingsTests.swift */,
				371481114143CD723EB69303 /* LeagueScoreboardTests.swift */,
				DD02C6C6B9A59B8F11DE2BB3 /* ScoreDiffTests.swift */,
				F6F496BCF446A9B66DCCE468 /* LiveActivityMapperTests.swift */,
				E5B8D6915F39CF9CF2226087 /* RecordingTransport.swift */,
				B8673FD4EC890689DDAB3882 /* TeamSearchTests.swift */,
				71148A6D7F570E7638E31B26 /* FavoritesStoreTests.swift */,
				C215F1D687B2267DDC42D736 /* JSONTests.swift */,
				B9F1546F852F45279E04277F /* BoxScoreParsingTests.swift */,
				3FA214C1BEC40FFD70424DFB /* SportBoxScoreTests.swift */,
				8C47DA329B31019ABCA9DED3 /* GameStoryTests.swift */,
				AF573B33F27B7BA066BDA6C5 /* StatLeadersTests.swift */,
				0066C623D26D8B069BA140CA /* PlayerSeasonStatsTests.swift */,
				FE9E07087CB94CA29221903A /* CrossLeagueAcceptanceTests.swift */,
				6F3B8E21A4C54D7B8E02F9A3 /* AthleteStatsParsingTests.swift */,
				A93F2D6C18E54B7F9D0C3E12 /* HTTPClientTests.swift */,
				CD86BF7A0097CF9FDA696FF4 /* ScheduleParsingTests.swift */,
				C7B081DF6D2F99291D6A497E /* GoldenParserTests.swift */,
				85ADA55D78EE908E3737EFAC /* TeamCatalogTests.swift */,
				82D2B7B76E0770278F858496 /* RemoteTeamCatalogTests.swift */,
				B6F5832EB99B1723EF239CCC /* LogoStoreTests.swift */,
				0EEDD564F37117499F40D17A /* WikidataHeadshotStoreTests.swift */,
				CB9C64E7F23AFE201C7DC0FA /* ApiFootballKeyTests.swift */,
				CEF2427905F40F19C5342004 /* ApiFootballHeadshotStoreTests.swift */,
				4ECCD455A0790D88722B60C1 /* TeamLogoTests.swift */,
				7A1D0C3E5B9F2A4C6E8D1B32 /* ThemeTests.swift */,
				BA7ACCE5E3D1F2A4C6E8D10D /* BrandThemeTests.swift */,
				5C1A2E7D9B3F4A6C8E0D2B40 /* GameCardContentTests.swift */,
				CA1E7A0B00000000000000D1 /* CalendarEventBuilderTests.swift */,
				BD52FEA243D6F89CB697B876 /* TabBarTests.swift */,
				EDE1F007B80803106A72D80C /* HomeFeedTests.swift */,
				9A4F2B61C87E03D5B2F16A48 /* WidgetDeepLinkTests.swift */,
				EA265B07826AA61D8CCF59B3 /* ScoreAlertEngineTests.swift */,
				F145067F502A5D79A92FE9F1 /* FavoritesStoreNotificationTests.swift */,
				553644DA631607EFF73950A3 /* LeagueScoreboardCenterFanoutTests.swift */,
				B96A94997ED9B4D7848B18A5 /* FavoritesScoreboardFollowingTests.swift */,
				06D8AC51A70604C3C19C7EDE /* AlertsSettingsTests.swift */,
				3B30D538B4BCB2BEB36F253C /* SettingsTests.swift */,
				7D3F2A1B9C4E5F60718293A5 /* SplashTests.swift */,
				F8908C7681C6E71A212FCEB6 /* WidgetDeepLinkRoutingTests.swift */,
				9E5A1C0B7D2F4A6E8B3C9005 /* WidgetDayBuilderTests.swift */,
				5D7A3E91C4B2068F1A9E7C30 /* WidgetSharedDataTests.swift */,
				B7F60AA0D8EF82D1A1FA0AEB /* AppIntentsTests.swift */,
				80F9C2C0E4436B9A7E6740B8 /* FixtureLoader.swift */,
				0016D8946325BE560D66E257 /* Fixtures */,
				BD5786509BA63FD87FE7AD03 /* FIXTURES.md */,
			);
			path = "myTeamsTests";
			sourceTree = "<group>";
		};
		614FC7AFD8CB73DF5DBA3A49 /* myTeamsUITests */ = {
			isa = PBXGroup;
			children = (
				E2173D3CEFFD95945C667099 /* myTeamsUITests.swift */,
				7A1D0C3E5B9F2A4C6E8D1B34 /* GlassUIScreenshotTests.swift */,
				A8F3D58A2369AEB7973BCAE1 /* HomeUITests.swift */,
			);
			path = "myTeamsUITests";
			sourceTree = "<group>";
		};
		450544617C387F703D380080 /* Intents */ = {
			isa = PBXGroup;
			children = (
				293381D72B47893F6410908F /* TeamEntity.swift */,
				C982C2579AA2F3355E3A66BF /* NextGameIntent.swift */,
				C56B639CE3118984028C7D8E /* OpenTeamIntent.swift */,
				0413F6DB2844D1BDC96309DC /* MyTeamsShortcuts.swift */,
				0B8BD25162BE5492B1529178 /* TeamSpotlightIndexer.swift */,
			);
			path = "Intents";
			sourceTree = "<group>";
		};
/* End PBXGroup section */

/* Begin PBXNativeTarget section */
		EBDD61221762162E7A8A2AE1 /* myTeams */ = {
			isa = PBXNativeTarget;
			buildConfigurationList = 452D546F0980274B692D703C /* Build configuration list for PBXNativeTarget "myTeams" */;
			buildPhases = (
				3BE5C704148406E58FE0AB5F /* Sources */,
				5B9773D84493B3D713DB9AC0 /* Frameworks */,
				B681E6ECC54B86FE775FEC3C /* Resources */,
				F0AB04EE052351C80F3286E9 /* Embed Foundation Extensions */,
			);
			buildRules = (
			);
			dependencies = (
				A4C80477431259D93FE11E57 /* PBXTargetDependency */,
			);
			name = myTeams;
			productName = myTeams;
			productReference = B6CDB6E5D160E013280D3C68 /* myTeams.app */;
			productType = "com.apple.product-type.application";
		};
		247391BF3B80B48AE2C70965 /* myTeamWidgetExtension */ = {
			isa = PBXNativeTarget;
			buildConfigurationList = 596775C460D0EAF2B1D965B5 /* Build configuration list for PBXNativeTarget "myTeamWidgetExtension" */;
			buildPhases = (
				891ED261CEA058CDEDC512FE /* Sources */,
				FECEEADB2ECFD0040C24F686 /* Frameworks */,
				8364DC35DCB22C5764B93399 /* Resources */,
			);
			buildRules = (
			);
			dependencies = (
			);
			name = myTeamWidgetExtension;
			productName = myTeamWidgetExtension;
			productReference = 4C47665D1BA4105DF9684DC4 /* myTeamWidgetExtension.appex */;
			productType = "com.apple.product-type.app-extension";
		};
		BCB5A4DBAEAF7B45D293DA19 /* myTeamsTests */ = {
			isa = PBXNativeTarget;
			buildConfigurationList = 8A6F1454122B8648A95F70BF /* Build configuration list for PBXNativeTarget "myTeamsTests" */;
			buildPhases = (
				1A2AAFC871EB5C3BDDDDE160 /* Sources */,
				E51E325E2D7A6ADDC5C9CAB4 /* Frameworks */,
				327C4876CA8224A30B067B0B /* Resources */,
			);
			buildRules = (
			);
			dependencies = (
				F59E8266325E0BAF0758C1B1 /* PBXTargetDependency */,
			);
			name = myTeamsTests;
			productName = myTeamsTests;
			productReference = E02A90D9643568EA39115CFB /* myTeamsTests.xctest */;
			productType = "com.apple.product-type.bundle.unit-test";
		};
		99A025452FED0EEF0A18DB08 /* myTeamsUITests */ = {
			isa = PBXNativeTarget;
			buildConfigurationList = 057E886B70857B41A9AD4F05 /* Build configuration list for PBXNativeTarget "myTeamsUITests" */;
			buildPhases = (
				555FA5437BD8B4C902B86053 /* Sources */,
				017AABD8993651F6890C6581 /* Frameworks */,
				CAA9B2196E7DE413F24A268F /* Resources */,
			);
			buildRules = (
			);
			dependencies = (
				4AF79E026DF725958F95D53D /* PBXTargetDependency */,
			);
			name = myTeamsUITests;
			productName = myTeamsUITests;
			productReference = 2DC2D7827160987765974061 /* myTeamsUITests.xctest */;
			productType = "com.apple.product-type.bundle.ui-testing";
		};
/* End PBXNativeTarget section */

/* Begin PBXProject section */
		98F54143AB4E86B28C3AFEE0 /* Project object */ = {
			isa = PBXProject;
			attributes = {
				BuildIndependentTargetsInParallel = 1;
				LastSwiftUpdateCheck = 2600;
				LastUpgradeCheck = 2600;
				TargetAttributes = {
					EBDD61221762162E7A8A2AE1 = {
						CreatedOnToolsVersion = 26.0;
					};
					247391BF3B80B48AE2C70965 = {
						CreatedOnToolsVersion = 26.0;
					};
					BCB5A4DBAEAF7B45D293DA19 = {
						CreatedOnToolsVersion = 26.0;
						TestTargetID = EBDD61221762162E7A8A2AE1;
					};
					99A025452FED0EEF0A18DB08 = {
						CreatedOnToolsVersion = 26.0;
						TestTargetID = EBDD61221762162E7A8A2AE1;
					};
				};
			};
			buildConfigurationList = 12D04D787E90C9B967248BFD /* Build configuration list for PBXProject "myTeams" */;
			compatibilityVersion = "Xcode 14.0";
			developmentRegion = en;
			hasScannedForEncodings = 0;
			knownRegions = (
				en,
				Base,
			);
			mainGroup = DF891E785808226D241F246E;
			productRefGroup = 00C45FD35CB0F9C5F764F070 /* Products */;
			projectDirPath = "";
			projectRoot = "";
			targets = (
				EBDD61221762162E7A8A2AE1 /* myTeams */,
				247391BF3B80B48AE2C70965 /* myTeamWidgetExtension */,
				BCB5A4DBAEAF7B45D293DA19 /* myTeamsTests */,
				99A025452FED0EEF0A18DB08 /* myTeamsUITests */,
			);
		};
/* End PBXProject section */

/* Begin PBXResourcesBuildPhase section */
		B681E6ECC54B86FE775FEC3C /* Resources */ = {
			isa = PBXResourcesBuildPhase;
			buildActionMask = 2147483647;
			files = (
				8D8E93636BC6B36B3996894D /* Assets.xcassets in Resources */,
				0A667909A8CE510E3039704F /* Preview Assets.xcassets in Resources */,
				B164D08F27E8F38FB52D4B71 /* teams.json in Resources */,
				8473A281ED2BC0EEADCA463D /* PrivacyInfo.xcprivacy in Resources */,
			);
			runOnlyForDeploymentPostprocessing = 0;
		};
		8364DC35DCB22C5764B93399 /* Resources */ = {
			isa = PBXResourcesBuildPhase;
			buildActionMask = 2147483647;
			files = (
				BDC0E6591D047E7947B879FB /* Assets.xcassets in Resources */,
				5F2CD2D1EF105F6347FFD6D0 /* teams.json in Resources */,
				D2B55DBA017E0C6714ADB3BF /* PrivacyInfo.xcprivacy in Resources */,
			);
			runOnlyForDeploymentPostprocessing = 0;
		};
		327C4876CA8224A30B067B0B /* Resources */ = {
			isa = PBXResourcesBuildPhase;
			buildActionMask = 2147483647;
			files = (
				9E669271FC3B738FEB53346A /* Fixtures in Resources */,
			);
			runOnlyForDeploymentPostprocessing = 0;
		};
		CAA9B2196E7DE413F24A268F /* Resources */ = {
			isa = PBXResourcesBuildPhase;
			buildActionMask = 2147483647;
			files = (
			);
			runOnlyForDeploymentPostprocessing = 0;
		};
/* End PBXResourcesBuildPhase section */

/* Begin PBXSourcesBuildPhase section */
		3BE5C704148406E58FE0AB5F /* Sources */ = {
			isa = PBXSourcesBuildPhase;
			buildActionMask = 2147483647;
			files = (
				2E825ADE480647DDFA960E08 /* HomeViewModel.swift in Sources */,
				C33A1DF7AC4D3629429B1094 /* HomeView.swift in Sources */,
				8E4848E75EFA1A90824D11E1 /* StatLeaders.swift in Sources */,
				1E3BCB241DA1C6CB2812914D /* LeadersViews.swift in Sources */,
				A6230D4AA20CC9D1ACFE7EFF /* LeagueScoreboardCenter.swift in Sources */,
				4018B7D252391342C25956F8 /* AppDelegate.swift in Sources */,
				2C7DFA31B60B1565FB9D03D2 /* ScoreAlertEngine.swift in Sources */,
				7F8E92B0D1E332A00046DC73 /* ScoreDiff.swift in Sources */,
				E0EC1F16A329C33DE895872A /* WidgetScoreboardSnapshot.swift in Sources */,
				9D6A80C642AA11447F04AB4D /* WidgetScoreboardWriter.swift in Sources */,
				1780F10A8B0F5EEFC490536F /* GameActivityAttributes.swift in Sources */,
				5D2A7C914E3B6F08A1C2D3E5 /* Ordinal.swift in Sources */,
				5BCCFEC612D3E9A0BDBD5315 /* LiveActivityStateMapper.swift in Sources */,
				CBA4C0FC0601B87C8D95D08A /* LiveActivityManager.swift in Sources */,
				A3264B92A99736DC68EBCC66 /* ScoreAlertsPermissions.swift in Sources */,
				C60415BD6AD63FDCC0065D93 /* AlertsSettings.swift in Sources */,
				A39E46D9903C7E297D90A0F1 /* AlertsSettingsView.swift in Sources */,
				BA7ACCE5E3D1F2A4C6E8D10A /* ThemeSettingsView.swift in Sources */,
				BA7ACCE5E3D1F2A4C6E8D10C /* ThemeOnboardingView.swift in Sources */,
				EF052AEDBC214A5175C8BD14 /* SettingsView.swift in Sources */,
				749E671F2916273F3E45E498 /* Standings.swift in Sources */,
				65D076717FCEAD9E6C2663EB /* Record.swift in Sources */,
				476464CAAE86817C53BEFF90 /* DownloadScoreboardData.swift in Sources */,
				129154B029DD4680C0EA43D3 /* TeamBrowserView.swift in Sources */,
				2ECF954DCABCBA4B75365F80 /* FavoritesStore.swift in Sources */,
				27A5131FAB8C20BA658A117E /* ConvertColor.swift in Sources */,
				43A86B7171FBFFA8D4364942 /* LoadingView.swift in Sources */,
				FA363D114509970AB9439478 /* RepeatingTask.swift in Sources */,
				7A1D0C3E5B9F2A4C6E8D1B31 /* Theme.swift in Sources */,
				BA7ACCE5E3D1F2A4C6E8D102 /* BrandTheme.swift in Sources */,
				F40E52311E166FC0C805078D /* HomeSections.swift in Sources */,
				3C71A9E2B04D5F18A6E29C40 /* TeamHomeView.swift in Sources */,
				0FE667583883927DBEE1F6C1 /* TeamModel.swift in Sources */,
				2F614A3B78950C035DC9E0B7 /* TabBar.swift in Sources */,
				443BDD6E8DE6AD6663C2B878 /* HTTPClient.swift in Sources */,
				3F7C2A91D4E8B6051C9A7E21 /* FeedCache.swift in Sources */,
				E20E73EDC856843862B6F1BA /* JSON.swift in Sources */,
				78C5D3C2CC114C8CA479A89C /* RemoteImage.swift in Sources */,
				2D20D4F0D14F95669B9634EF /* WikidataHeadshotStore.swift in Sources */,
				455C8A8EFBB7AA647AF74B09 /* ApiFootballKey.swift in Sources */,
				336C5C116BDABF7A3C163B92 /* ApiFootballHeadshotStore.swift in Sources */,
				4FAEA2801DAAA50D3D63D3CF /* ApiFootballSettingsSection.swift in Sources */,
				76207EC0BBD446E30AD3ABCE /* Sport.swift in Sources */,
				7B4DB145D40FB923834AE02E /* TeamRef.swift in Sources */,
				FC03614F349A24609A803EE0 /* DownloadNewsData.swift in Sources */,
				4A8E1E1BFE20496EE2B73179 /* NewsDetailView.swift in Sources */,
				A90873D889AD7C520275E2E7 /* NewsView.swift in Sources */,
				B5C6B213DE2B2F6C629CC6FA /* MyTeamsApp.swift in Sources */,
				5A1E7C93B2D84F06A9E3C1D7 /* SplashView.swift in Sources */,
				1E79AFFA5A7731584B3F0F5D /* DownloadAthleteData.swift in Sources */,
				1908D339C90720E026CC133F /* DownloadRosterData.swift in Sources */,
				938441ED20DAAFEFEF866860 /* PlayerDetailView.swift in Sources */,
				A4D1E8B7C3F25609E7B1D4C8 /* PlayerGameLogView.swift in Sources */,
				A6CF80F5A6D7C40726E89941 /* PlayerView.swift in Sources */,
				06B4C8B38F1243ACEDE326D7 /* AthleteHeadshot.swift in Sources */,
				621D4FC2F790F846681CFFEB /* StatPercentageView.swift in Sources */,
				52E991A1BB7FE3BFCCBF5C6C /* DownloadGameData.swift in Sources */,
				0D9048CBFBBCEE0557F5CA00 /* DownloadScheduleData.swift in Sources */,
				2283890E266C55D6EEB000BE /* GameDetailView.swift in Sources */,
				712E5226E4DF0A7BE1609DE4 /* GameView.swift in Sources */,
				1CD5FF6E028E55CEBF833F15 /* GetNextGame.swift in Sources */,
				DD8B5E279E378CED42EDFE79 /* StatRowView.swift in Sources */,
				28F633D9E078351031277B79 /* Linescore.swift in Sources */,
				D3A38E5F59A963197CBC0758 /* HockeyBoxScore.swift in Sources */,
				02E1A6D37091D86049F3F9BC /* GameTimeline.swift in Sources */,
				CA1E7A0B00000000000000B2 /* CalendarEventBuilder.swift in Sources */,
				CA1E7A0B00000000000000C2 /* CalendarWriter.swift in Sources */,
				C6578E236813A98439400C34 /* SoccerLineups.swift in Sources */,
				6799744107ABFA081D1BD126 /* BoxScoreTables.swift in Sources */,
				D1EA2D61099BBE43E8394516 /* GameStoryView.swift in Sources */,
				228A9DA3DCBC7960F1F35DF0 /* LogoStore.swift in Sources */,
				5E1A7C33D9B04F2A8C6E1F02 /* SharedStore.swift in Sources */,
				056AACA5441E8DC1508CA63A /* RemoteTeamCatalog.swift in Sources */,
				357A65122050D95EFC46FEA4 /* TeamLogo.swift in Sources */,
				9E5A1C0B7D2F4A6E8B3C9011 /* HomeFeedWindow.swift in Sources */,
				9E5A1C0B7D2F4A6E8B3C9021 /* WidgetDayBuilder.swift in Sources */,
				0A805DB94612CAEBA90C1517 /* TeamEntity.swift in Sources */,
				C80C113AED809292E84C5721 /* NextGameIntent.swift in Sources */,
				2C4FE1622D9CB92BAEDC3AB7 /* OpenTeamIntent.swift in Sources */,
				B5674BA67168327D9491BD29 /* MyTeamsShortcuts.swift in Sources */,
				B517404BBFC93E31C5A47140 /* TeamSpotlightIndexer.swift in Sources */,
			);
			runOnlyForDeploymentPostprocessing = 0;
		};
		891ED261CEA058CDEDC512FE /* Sources */ = {
			isa = PBXSourcesBuildPhase;
			buildActionMask = 2147483647;
			files = (
				806F811BCA02858268F722FC /* TeamEntity.swift in Sources */,
				477887CC8A151717D679F0BE /* WidgetScheduleLoader.swift in Sources */,
				BC4F15C17EBC1A2178883B7D /* myTeamWidget.swift in Sources */,
				1E8316B9F16A72268EABA039 /* GameLiveActivity.swift in Sources */,
				0A4AA99692227A8E12A7FB45 /* GameActivityAttributes.swift in Sources */,
				5D2A7C914E3B6F08A1C2D3E6 /* Ordinal.swift in Sources */,
				021E035614A3AA570735F9A7 /* HTTPClient.swift in Sources */,
				3F7C2A91D4E8B6051C9A7E22 /* FeedCache.swift in Sources */,
				718FAF95DE8AE3A64D948680 /* JSON.swift in Sources */,
				4D7FF57D679FF80CBAC28F6D /* Sport.swift in Sources */,
				43F1053E017CE0ACD2513F5F /* TeamRef.swift in Sources */,
				2129690FEF4C818C0D034221 /* ConvertColor.swift in Sources */,
				6560ECADCC6B530EAB4FC234 /* DownloadScheduleData.swift in Sources */,
				BB4B82EF0DBC7B7610CB57D8 /* LogoStore.swift in Sources */,
				5E1A7C33D9B04F2A8C6E1F03 /* SharedStore.swift in Sources */,
				D5AA8797C95A8144528026A4 /* WidgetScoreboardSnapshot.swift in Sources */,
				CA55107148FE3854E9BE41FF /* RemoteTeamCatalog.swift in Sources */,
				7A1D0C3E5B9F2A4C6E8D1B41 /* Theme.swift in Sources */,
				7A1D0C3E5B9F2A4C6E8D1B42 /* TeamLogo.swift in Sources */,
				7A1D0C3E5B9F2A4C6E8D1B43 /* RemoteImage.swift in Sources */,
				9E5A1C0B7D2F4A6E8B3C9012 /* HomeFeedWindow.swift in Sources */,
				9E5A1C0B7D2F4A6E8B3C9022 /* WidgetDayBuilder.swift in Sources */,
				9E5A1C0B7D2F4A6E8B3C9031 /* MyDayWidget.swift in Sources */,
				9E5A1C0B7D2F4A6E8B3C9041 /* LiveGameControl.swift in Sources */,
				1B5AD6F92B574A4277B7A9FD /* SelectTeamIntent.swift in Sources */,
			);
			runOnlyForDeploymentPostprocessing = 0;
		};
		1A2AAFC871EB5C3BDDDDE160 /* Sources */ = {
			isa = PBXSourcesBuildPhase;
			buildActionMask = 2147483647;
			files = (
				8E448D8B9624B4E9D70E14E1 /* HomeFeedTests.swift in Sources */,
				80E99CF063A654760C1AD6E5 /* StatLeadersTests.swift in Sources */,
				B309E49C4AE094E66AA42622 /* PlayerSeasonStatsTests.swift in Sources */,
				298B3ECF8760BBDE227651DF /* CrossLeagueAcceptanceTests.swift in Sources */,
				2BF4005DE2F3F7D27EDCF84D /* TeamPagesTests.swift in Sources */,
				A7C3E1F05B2D4C6E8F9A0B1C /* LeagueRegistryTests.swift in Sources */,
				26FB5C8A13EFE3803FDF9E96 /* RecordTests.swift in Sources */,
				0EC2AAE3B1D9B65339F03196 /* StandingsTests.swift in Sources */,
				4F108876A45CFE6959601590 /* LeagueScoreboardTests.swift in Sources */,
				5C80F187EEED1E73DD283D0C /* ScoreDiffTests.swift in Sources */,
				B752BCC33E66B82F3AF1BF38 /* LiveActivityMapperTests.swift in Sources */,
				4615931377DF02093FE8F4F2 /* RecordingTransport.swift in Sources */,
				9B7D3A67B141ED86CD214BA2 /* TeamSearchTests.swift in Sources */,
				F23520D6A5D15820F4E0CF96 /* FavoritesStoreTests.swift in Sources */,
				3BBFED87D728D7319D475FEB /* JSONTests.swift in Sources */,
				E7E921A83B474F55A0120398 /* BoxScoreParsingTests.swift in Sources */,
				8E296C5B1E9D0A2C84BFE95D /* SportBoxScoreTests.swift in Sources */,
				A6E0924F094504FB7436CD5B /* GameStoryTests.swift in Sources */,
				4D2A7C19E0B34F8A9C61D5E2 /* AthleteStatsParsingTests.swift in Sources */,
				7E3C9A51D2B84F06A1C5E8D4 /* HTTPClientTests.swift in Sources */,
				CCD996A8700D1012D5207A84 /* ScheduleParsingTests.swift in Sources */,
				F38CF3BA1E30891DD3715EEB /* GoldenParserTests.swift in Sources */,
				2A8A7749105511EB64C1E23F /* FixtureLoader.swift in Sources */,
				07BFE42C24ACB22870DAD8F2 /* TeamCatalogTests.swift in Sources */,
				F176834130AB41D1E8184FC8 /* RemoteTeamCatalogTests.swift in Sources */,
				015DE6289B5E217ECDD3579C /* LogoStoreTests.swift in Sources */,
				2C89EA3412BC162DB815225F /* WikidataHeadshotStoreTests.swift in Sources */,
				1222CA7240E62E8BCB2BEA62 /* ApiFootballKeyTests.swift in Sources */,
				A4C32ECB7C1B924DD130BA7A /* ApiFootballHeadshotStoreTests.swift in Sources */,
				0B133D64B5F170D8E647BECD /* TeamLogoTests.swift in Sources */,
				7A1D0C3E5B9F2A4C6E8D1B33 /* ThemeTests.swift in Sources */,
				BA7ACCE5E3D1F2A4C6E8D10E /* BrandThemeTests.swift in Sources */,
				5C1A2E7D9B3F4A6C8E0D2B41 /* GameCardContentTests.swift in Sources */,
				CA1E7A0B00000000000000D2 /* CalendarEventBuilderTests.swift in Sources */,
				A66D0A558CEC12590E02F9A2 /* TabBarTests.swift in Sources */,
				5C1E7A93D04B62F8A1E93D27 /* WidgetDeepLinkTests.swift in Sources */,
				3862319C87D5F70D7BF3E0D2 /* ScoreAlertEngineTests.swift in Sources */,
				2758B17622312232294B591F /* FavoritesStoreNotificationTests.swift in Sources */,
				254972CEE271C187E523211D /* LeagueScoreboardCenterFanoutTests.swift in Sources */,
				322E8BF56A3E01EA030B6F96 /* FavoritesScoreboardFollowingTests.swift in Sources */,
				397BF01A56956F7850D67D6F /* AlertsSettingsTests.swift in Sources */,
				F2E7868DFDCDCB49AEEE8A4D /* SettingsTests.swift in Sources */,
				7D3F2A1B9C4E5F60718293A4 /* SplashTests.swift in Sources */,
				9C03DD85FE7B79019A43612D /* WidgetDeepLinkRoutingTests.swift in Sources */,
				9E5A1C0B7D2F4A6E8B3C9051 /* WidgetDayBuilderTests.swift in Sources */,
				5D7A3E91C4B2068F1A9E7C31 /* WidgetSharedDataTests.swift in Sources */,
				9CB5EB5FC172B7F73C64554C /* AppIntentsTests.swift in Sources */,
			);
			runOnlyForDeploymentPostprocessing = 0;
		};
		555FA5437BD8B4C902B86053 /* Sources */ = {
			isa = PBXSourcesBuildPhase;
			buildActionMask = 2147483647;
			files = (
				38C1E734968CF889E3E20FBC /* HomeUITests.swift in Sources */,
				CDA8493C950E9AE560961E76 /* myTeamsUITests.swift in Sources */,
				7A1D0C3E5B9F2A4C6E8D1B35 /* GlassUIScreenshotTests.swift in Sources */,
			);
			runOnlyForDeploymentPostprocessing = 0;
		};
/* End PBXSourcesBuildPhase section */

/* Begin PBXTargetDependency section */
		A4C80477431259D93FE11E57 /* PBXTargetDependency */ = {
			isa = PBXTargetDependency;
			target = 247391BF3B80B48AE2C70965 /* myTeamWidgetExtension */;
			targetProxy = 0DD22CB6C2E8E29B0AF6C12D /* PBXContainerItemProxy */;
		};
		F59E8266325E0BAF0758C1B1 /* PBXTargetDependency */ = {
			isa = PBXTargetDependency;
			target = EBDD61221762162E7A8A2AE1 /* myTeams */;
			targetProxy = 2B4D2F8BFE54E9562F422278 /* PBXContainerItemProxy */;
		};
		4AF79E026DF725958F95D53D /* PBXTargetDependency */ = {
			isa = PBXTargetDependency;
			target = EBDD61221762162E7A8A2AE1 /* myTeams */;
			targetProxy = 8B77F2BCC7FC76C097712C2D /* PBXContainerItemProxy */;
		};
/* End PBXTargetDependency section */

/* Begin XCBuildConfiguration section */
		877A6BA951A2EA0025A2ABE8 /* Debug */ = {
			isa = XCBuildConfiguration;
			buildSettings = {
				ALWAYS_SEARCH_USER_PATHS = NO;
				ASSETCATALOG_COMPILER_GENERATE_SWIFT_ASSET_SYMBOL_EXTENSIONS = YES;
				CLANG_ANALYZER_NONNULL = YES;
				CLANG_ANALYZER_NUMBER_OBJECT_CONVERSION = YES_AGGRESSIVE;
				CLANG_ENABLE_MODULES = YES;
				CLANG_ENABLE_OBJC_ARC = YES;
				CLANG_ENABLE_OBJC_WEAK = YES;
				CLANG_WARN_BLOCK_CAPTURE_AUTORELEASING = YES;
				CLANG_WARN_BOOL_CONVERSION = YES;
				CLANG_WARN_COMMA = YES;
				CLANG_WARN_CONSTANT_CONVERSION = YES;
				CLANG_WARN_DEPRECATED_OBJC_IMPLEMENTATIONS = YES;
				CLANG_WARN_DIRECT_OBJC_ISA_USAGE = YES_ERROR;
				CLANG_WARN_DOCUMENTATION_COMMENTS = YES;
				CLANG_WARN_EMPTY_BODY = YES;
				CLANG_WARN_ENUM_CONVERSION = YES;
				CLANG_WARN_INFINITE_RECURSION = YES;
				CLANG_WARN_INT_CONVERSION = YES;
				CLANG_WARN_NON_LITERAL_NULL_CONVERSION = YES;
				CLANG_WARN_OBJC_LITERAL_CONVERSION = YES;
				CLANG_WARN_OBJC_ROOT_CLASS = YES_ERROR;
				CLANG_WARN_QUOTED_INCLUDE_IN_FRAMEWORK_HEADER = YES;
				CLANG_WARN_RANGE_LOOP_ANALYSIS = YES;
				CLANG_WARN_STRICT_PROTOTYPES = YES;
				CLANG_WARN_SUSPICIOUS_MOVE = YES;
				CLANG_WARN_UNGUARDED_AVAILABILITY = YES_AGGRESSIVE;
				CLANG_WARN_UNREACHABLE_CODE = YES;
				CLANG_WARN__DUPLICATE_METHOD_MATCH = YES;
				COPY_PHASE_STRIP = NO;
				DEBUG_INFORMATION_FORMAT = dwarf;
				ENABLE_STRICT_OBJC_MSGSEND = YES;
				ENABLE_TESTABILITY = YES;
				ENABLE_USER_SCRIPT_SANDBOXING = YES;
				GCC_C_LANGUAGE_STANDARD = gnu17;
				GCC_DYNAMIC_NO_PIC = NO;
				GCC_NO_COMMON_BLOCKS = YES;
				GCC_OPTIMIZATION_LEVEL = 0;
				GCC_PREPROCESSOR_DEFINITIONS = (
					"DEBUG=1",
					"$(inherited)",
				);
				GCC_WARN_64_TO_32_BIT_CONVERSION = YES;
				GCC_WARN_ABOUT_RETURN_TYPE = YES_ERROR;
				GCC_WARN_UNDECLARED_SELECTOR = YES;
				GCC_WARN_UNINITIALIZED_AUTOS = YES_AGGRESSIVE;
				GCC_WARN_UNUSED_FUNCTION = YES;
				GCC_WARN_UNUSED_VARIABLE = YES;
				IPHONEOS_DEPLOYMENT_TARGET = 26.0;
				LOCALIZATION_PREFERS_STRING_CATALOGS = YES;
				MTL_ENABLE_DEBUG_INFO = INCLUDE_SOURCE;
				MTL_FAST_MATH = YES;
				ONLY_ACTIVE_ARCH = YES;
				SDKROOT = iphoneos;
				SWIFT_ACTIVE_COMPILATION_CONDITIONS = "DEBUG $(inherited)";
				SWIFT_OPTIMIZATION_LEVEL = "-Onone";
				SWIFT_VERSION = 6.0;
			};
			name = Debug;
		};
		959134B361DD7E21ADEA3164 /* Release */ = {
			isa = XCBuildConfiguration;
			buildSettings = {
				ALWAYS_SEARCH_USER_PATHS = NO;
				ASSETCATALOG_COMPILER_GENERATE_SWIFT_ASSET_SYMBOL_EXTENSIONS = YES;
				CLANG_ANALYZER_NONNULL = YES;
				CLANG_ANALYZER_NUMBER_OBJECT_CONVERSION = YES_AGGRESSIVE;
				CLANG_ENABLE_MODULES = YES;
				CLANG_ENABLE_OBJC_ARC = YES;
				CLANG_ENABLE_OBJC_WEAK = YES;
				CLANG_WARN_BLOCK_CAPTURE_AUTORELEASING = YES;
				CLANG_WARN_BOOL_CONVERSION = YES;
				CLANG_WARN_COMMA = YES;
				CLANG_WARN_CONSTANT_CONVERSION = YES;
				CLANG_WARN_DEPRECATED_OBJC_IMPLEMENTATIONS = YES;
				CLANG_WARN_DIRECT_OBJC_ISA_USAGE = YES_ERROR;
				CLANG_WARN_DOCUMENTATION_COMMENTS = YES;
				CLANG_WARN_EMPTY_BODY = YES;
				CLANG_WARN_ENUM_CONVERSION = YES;
				CLANG_WARN_INFINITE_RECURSION = YES;
				CLANG_WARN_INT_CONVERSION = YES;
				CLANG_WARN_NON_LITERAL_NULL_CONVERSION = YES;
				CLANG_WARN_OBJC_LITERAL_CONVERSION = YES;
				CLANG_WARN_OBJC_ROOT_CLASS = YES_ERROR;
				CLANG_WARN_QUOTED_INCLUDE_IN_FRAMEWORK_HEADER = YES;
				CLANG_WARN_RANGE_LOOP_ANALYSIS = YES;
				CLANG_WARN_STRICT_PROTOTYPES = YES;
				CLANG_WARN_SUSPICIOUS_MOVE = YES;
				CLANG_WARN_UNGUARDED_AVAILABILITY = YES_AGGRESSIVE;
				CLANG_WARN_UNREACHABLE_CODE = YES;
				CLANG_WARN__DUPLICATE_METHOD_MATCH = YES;
				COPY_PHASE_STRIP = NO;
				DEBUG_INFORMATION_FORMAT = "dwarf-with-dsym";
				ENABLE_NS_ASSERTIONS = NO;
				ENABLE_STRICT_OBJC_MSGSEND = YES;
				ENABLE_USER_SCRIPT_SANDBOXING = YES;
				GCC_C_LANGUAGE_STANDARD = gnu17;
				GCC_NO_COMMON_BLOCKS = YES;
				GCC_WARN_64_TO_32_BIT_CONVERSION = YES;
				GCC_WARN_ABOUT_RETURN_TYPE = YES_ERROR;
				GCC_WARN_UNDECLARED_SELECTOR = YES;
				GCC_WARN_UNINITIALIZED_AUTOS = YES_AGGRESSIVE;
				GCC_WARN_UNUSED_FUNCTION = YES;
				GCC_WARN_UNUSED_VARIABLE = YES;
				IPHONEOS_DEPLOYMENT_TARGET = 26.0;
				LOCALIZATION_PREFERS_STRING_CATALOGS = YES;
				MTL_ENABLE_DEBUG_INFO = NO;
				MTL_FAST_MATH = YES;
				SDKROOT = iphoneos;
				SWIFT_COMPILATION_MODE = wholemodule;
				SWIFT_VERSION = 6.0;
				VALIDATE_PRODUCT = YES;
			};
			name = Release;
		};
		77728E44B7EEAD84A3E66FE9 /* Debug */ = {
			isa = XCBuildConfiguration;
			buildSettings = {
				ASSETCATALOG_COMPILER_APPICON_NAME = AppIcon;
				ASSETCATALOG_COMPILER_ALTERNATE_APPICON_NAMES = "AppIcon-Cobalt AppIcon-Sky AppIcon-Teal AppIcon-Green AppIcon-Gold AppIcon-Orange AppIcon-Red AppIcon-Pink AppIcon-Purple AppIcon-Graphite";
				ASSETCATALOG_COMPILER_GLOBAL_ACCENT_COLOR_NAME = AccentColor;
				CODE_SIGN_ENTITLEMENTS = "myTeams-app.entitlements";
				CODE_SIGN_STYLE = Automatic;
				CURRENT_PROJECT_VERSION = 1;
				DEVELOPMENT_ASSET_PATHS = "\"Hawk Nation/Preview Content\"";
				DEVELOPMENT_TEAM = 68L4YU8U89;
				ENABLE_PREVIEWS = YES;
				INFOPLIST_FILE = "Hawk Nation/Info.plist";
				LD_RUNPATH_SEARCH_PATHS = (
					"$(inherited)",
					"@executable_path/Frameworks",
				);
				MARKETING_VERSION = 2.0.0;
				PRODUCT_BUNDLE_IDENTIFIER = "PolarReailty.Hawk-Nation";
				PRODUCT_NAME = "$(TARGET_NAME)";
				SWIFT_EMIT_LOC_STRINGS = YES;
				SWIFT_STRICT_CONCURRENCY = complete;
				TARGETED_DEVICE_FAMILY = "1,2";
			};
			name = Debug;
		};
		7F19EF517AF446D95AEE807A /* Release */ = {
			isa = XCBuildConfiguration;
			buildSettings = {
				ASSETCATALOG_COMPILER_APPICON_NAME = AppIcon;
				ASSETCATALOG_COMPILER_ALTERNATE_APPICON_NAMES = "AppIcon-Cobalt AppIcon-Sky AppIcon-Teal AppIcon-Green AppIcon-Gold AppIcon-Orange AppIcon-Red AppIcon-Pink AppIcon-Purple AppIcon-Graphite";
				ASSETCATALOG_COMPILER_GLOBAL_ACCENT_COLOR_NAME = AccentColor;
				CODE_SIGN_ENTITLEMENTS = "myTeams-app.entitlements";
				CODE_SIGN_STYLE = Automatic;
				CURRENT_PROJECT_VERSION = 1;
				DEVELOPMENT_ASSET_PATHS = "\"Hawk Nation/Preview Content\"";
				DEVELOPMENT_TEAM = 68L4YU8U89;
				ENABLE_PREVIEWS = YES;
				INFOPLIST_FILE = "Hawk Nation/Info.plist";
				LD_RUNPATH_SEARCH_PATHS = (
					"$(inherited)",
					"@executable_path/Frameworks",
				);
				MARKETING_VERSION = 2.0.0;
				PRODUCT_BUNDLE_IDENTIFIER = "PolarReailty.Hawk-Nation";
				PRODUCT_NAME = "$(TARGET_NAME)";
				SWIFT_EMIT_LOC_STRINGS = YES;
				SWIFT_STRICT_CONCURRENCY = complete;
				TARGETED_DEVICE_FAMILY = "1,2";
			};
			name = Release;
		};
		2751DDA1AAF7C217BFC6A000 /* Debug */ = {
			isa = XCBuildConfiguration;
			buildSettings = {
				ASSETCATALOG_COMPILER_GLOBAL_ACCENT_COLOR_NAME = AccentColor;
				ASSETCATALOG_COMPILER_WIDGET_BACKGROUND_COLOR_NAME = WidgetBackground;
				CODE_SIGN_ENTITLEMENTS = myTeamWidget/myTeamWidget.entitlements;
				CODE_SIGN_STYLE = Automatic;
				CURRENT_PROJECT_VERSION = 1;
				DEVELOPMENT_TEAM = 68L4YU8U89;
				INFOPLIST_FILE = myTeamWidget/Info.plist;
				LD_RUNPATH_SEARCH_PATHS = (
					"$(inherited)",
					"@executable_path/Frameworks",
					"@executable_path/../../Frameworks",
				);
				MARKETING_VERSION = 2.0.0;
				PRODUCT_BUNDLE_IDENTIFIER = "PolarReailty.Hawk-Nation.myTeamWidget";
				PRODUCT_NAME = "$(TARGET_NAME)";
				SKIP_INSTALL = YES;
				SWIFT_EMIT_LOC_STRINGS = YES;
				SWIFT_STRICT_CONCURRENCY = complete;
				TARGETED_DEVICE_FAMILY = "1,2";
			};
			name = Debug;
		};
		82162B6FB1228908B6062623 /* Release */ = {
			isa = XCBuildConfiguration;
			buildSettings = {
				ASSETCATALOG_COMPILER_GLOBAL_ACCENT_COLOR_NAME = AccentColor;
				ASSETCATALOG_COMPILER_WIDGET_BACKGROUND_COLOR_NAME = WidgetBackground;
				CODE_SIGN_ENTITLEMENTS = myTeamWidget/myTeamWidget.entitlements;
				CODE_SIGN_STYLE = Automatic;
				CURRENT_PROJECT_VERSION = 1;
				DEVELOPMENT_TEAM = 68L4YU8U89;
				INFOPLIST_FILE = myTeamWidget/Info.plist;
				LD_RUNPATH_SEARCH_PATHS = (
					"$(inherited)",
					"@executable_path/Frameworks",
					"@executable_path/../../Frameworks",
				);
				MARKETING_VERSION = 2.0.0;
				PRODUCT_BUNDLE_IDENTIFIER = "PolarReailty.Hawk-Nation.myTeamWidget";
				PRODUCT_NAME = "$(TARGET_NAME)";
				SKIP_INSTALL = YES;
				SWIFT_EMIT_LOC_STRINGS = YES;
				SWIFT_STRICT_CONCURRENCY = complete;
				TARGETED_DEVICE_FAMILY = "1,2";
			};
			name = Release;
		};
		D5544216E151703DAC0F49B6 /* Debug */ = {
			isa = XCBuildConfiguration;
			buildSettings = {
				BUNDLE_LOADER = "$(TEST_HOST)";
				CODE_SIGN_STYLE = Automatic;
				CURRENT_PROJECT_VERSION = 1;
				DEVELOPMENT_TEAM = 68L4YU8U89;
				GENERATE_INFOPLIST_FILE = YES;
				MARKETING_VERSION = 2.0.0;
				PRODUCT_BUNDLE_IDENTIFIER = "PolarReailty.Hawk-NationTests";
				PRODUCT_NAME = "$(TARGET_NAME)";
				SWIFT_EMIT_LOC_STRINGS = YES;
				TARGETED_DEVICE_FAMILY = "1,2";
				TEST_HOST = "$(BUILT_PRODUCTS_DIR)/myTeams.app/$(BUNDLE_EXECUTABLE_FOLDER_PATH)/myTeams";
			};
			name = Debug;
		};
		58BCF1B8BEC5798131D3C5AE /* Release */ = {
			isa = XCBuildConfiguration;
			buildSettings = {
				BUNDLE_LOADER = "$(TEST_HOST)";
				CODE_SIGN_STYLE = Automatic;
				CURRENT_PROJECT_VERSION = 1;
				DEVELOPMENT_TEAM = 68L4YU8U89;
				GENERATE_INFOPLIST_FILE = YES;
				MARKETING_VERSION = 2.0.0;
				PRODUCT_BUNDLE_IDENTIFIER = "PolarReailty.Hawk-NationTests";
				PRODUCT_NAME = "$(TARGET_NAME)";
				SWIFT_EMIT_LOC_STRINGS = YES;
				TARGETED_DEVICE_FAMILY = "1,2";
				TEST_HOST = "$(BUILT_PRODUCTS_DIR)/myTeams.app/$(BUNDLE_EXECUTABLE_FOLDER_PATH)/myTeams";
			};
			name = Release;
		};
		BF817F57F74378B444DC7A7C /* Debug */ = {
			isa = XCBuildConfiguration;
			buildSettings = {
				CODE_SIGN_STYLE = Automatic;
				CURRENT_PROJECT_VERSION = 1;
				DEVELOPMENT_TEAM = 68L4YU8U89;
				GENERATE_INFOPLIST_FILE = YES;
				MARKETING_VERSION = 2.0.0;
				PRODUCT_BUNDLE_IDENTIFIER = "PolarReailty.Hawk-NationUITests";
				PRODUCT_NAME = "$(TARGET_NAME)";
				SWIFT_EMIT_LOC_STRINGS = YES;
				TARGETED_DEVICE_FAMILY = "1,2";
				TEST_TARGET_NAME = myTeams;
			};
			name = Debug;
		};
		F695D8C85684174E5CA5B616 /* Release */ = {
			isa = XCBuildConfiguration;
			buildSettings = {
				CODE_SIGN_STYLE = Automatic;
				CURRENT_PROJECT_VERSION = 1;
				DEVELOPMENT_TEAM = 68L4YU8U89;
				GENERATE_INFOPLIST_FILE = YES;
				MARKETING_VERSION = 2.0.0;
				PRODUCT_BUNDLE_IDENTIFIER = "PolarReailty.Hawk-NationUITests";
				PRODUCT_NAME = "$(TARGET_NAME)";
				SWIFT_EMIT_LOC_STRINGS = YES;
				TARGETED_DEVICE_FAMILY = "1,2";
				TEST_TARGET_NAME = myTeams;
			};
			name = Release;
		};
/* End XCBuildConfiguration section */

/* Begin XCConfigurationList section */
		12D04D787E90C9B967248BFD /* Build configuration list for PBXProject "myTeams" */ = {
			isa = XCConfigurationList;
			buildConfigurations = (
				877A6BA951A2EA0025A2ABE8 /* Debug */,
				959134B361DD7E21ADEA3164 /* Release */,
			);
			defaultConfigurationIsVisible = 0;
			defaultConfigurationName = Release;
		};
		452D546F0980274B692D703C /* Build configuration list for PBXNativeTarget "myTeams" */ = {
			isa = XCConfigurationList;
			buildConfigurations = (
				77728E44B7EEAD84A3E66FE9 /* Debug */,
				7F19EF517AF446D95AEE807A /* Release */,
			);
			defaultConfigurationIsVisible = 0;
			defaultConfigurationName = Release;
		};
		596775C460D0EAF2B1D965B5 /* Build configuration list for PBXNativeTarget "myTeamWidgetExtension" */ = {
			isa = XCConfigurationList;
			buildConfigurations = (
				2751DDA1AAF7C217BFC6A000 /* Debug */,
				82162B6FB1228908B6062623 /* Release */,
			);
			defaultConfigurationIsVisible = 0;
			defaultConfigurationName = Release;
		};
		8A6F1454122B8648A95F70BF /* Build configuration list for PBXNativeTarget "myTeamsTests" */ = {
			isa = XCConfigurationList;
			buildConfigurations = (
				D5544216E151703DAC0F49B6 /* Debug */,
				58BCF1B8BEC5798131D3C5AE /* Release */,
			);
			defaultConfigurationIsVisible = 0;
			defaultConfigurationName = Release;
		};
		057E886B70857B41A9AD4F05 /* Build configuration list for PBXNativeTarget "myTeamsUITests" */ = {
			isa = XCConfigurationList;
			buildConfigurations = (
				BF817F57F74378B444DC7A7C /* Debug */,
				F695D8C85684174E5CA5B616 /* Release */,
			);
			defaultConfigurationIsVisible = 0;
			defaultConfigurationName = Release;
		};
/* End XCConfigurationList section */
	};
	rootObject = 98F54143AB4E86B28C3AFEE0 /* Project object */;
}
